// !$*UTF8*$!
{
	archiveVersion = 1;
	classes = {
	};
	objectVersion = 50;
	objects = {

/* Begin PBXAggregateTarget section */
		4AC7401D245D1FF900679E39 /* Documentation */ = {
			isa = PBXAggregateTarget;
			buildConfigurationList = 4AC7401E245D1FF900679E39 /* Build configuration list for PBXAggregateTarget "Documentation" */;
			buildPhases = (
				4AC74023245D200900679E39 /* Build Documentation */,
			);
			dependencies = (
				4AC74022245D200700679E39 /* PBXTargetDependency */,
			);
			name = Documentation;
			productName = Documentation;
		};
/* End PBXAggregateTarget section */

/* Begin PBXBuildFile section */
		4A341EEE2461F87400CF84E5 /* EventusAPI.framework in Frameworks */ = {isa = PBXBuildFile; fileRef = 4AC74031245D9FA400679E39 /* EventusAPI.framework */; };
		4A341EF42461F88200CF84E5 /* WebserviceTests.swift in Sources */ = {isa = PBXBuildFile; fileRef = 4A45D5BE2442894E00CF4E1B /* WebserviceTests.swift */; };
		4A341EF52461F88200CF84E5 /* FestivalHandlerTests.swift in Sources */ = {isa = PBXBuildFile; fileRef = 4A397663244B9B1E006C934C /* FestivalHandlerTests.swift */; };
		4A341EF62461F88200CF84E5 /* ArtistHandlerTests.swift in Sources */ = {isa = PBXBuildFile; fileRef = 4AFE00AC2455827300996DD9 /* ArtistHandlerTests.swift */; };
		4A341EF72461F88200CF84E5 /* LocationHandlerTests.swift in Sources */ = {isa = PBXBuildFile; fileRef = 4AFE00AE2455917B00996DD9 /* LocationHandlerTests.swift */; };
		4A341EF82461F88200CF84E5 /* EventHandlerTests.swift in Sources */ = {isa = PBXBuildFile; fileRef = 4ACBAF3E2459821D00140AA6 /* EventHandlerTests.swift */; };
		4A341EF92461F88200CF84E5 /* ImageRefHandlerTests.swift in Sources */ = {isa = PBXBuildFile; fileRef = 4AC74014245D043D00679E39 /* ImageRefHandlerTests.swift */; };
		4A341EFA2461F88200CF84E5 /* LinkHandlerTests.swift in Sources */ = {isa = PBXBuildFile; fileRef = 4AC74016245D0C6700679E39 /* LinkHandlerTests.swift */; };
		4A341EFB2461F88200CF84E5 /* PlaceHandlerTests.swift in Sources */ = {isa = PBXBuildFile; fileRef = 4AC74019245D18D900679E39 /* PlaceHandlerTests.swift */; };
		4A341EFC2461F88200CF84E5 /* TagHandlerTests.swift in Sources */ = {isa = PBXBuildFile; fileRef = 4AC7401B245D1D6300679E39 /* TagHandlerTests.swift */; };
		4A397654244A8FB7006C934C /* ArtistHandler.swift in Sources */ = {isa = PBXBuildFile; fileRef = 4A397653244A8FB7006C934C /* ArtistHandler.swift */; };
		4A397656244A921E006C934C /* LocationHandler.swift in Sources */ = {isa = PBXBuildFile; fileRef = 4A397655244A921E006C934C /* LocationHandler.swift */; };
		4A397658244A9350006C934C /* EventHandler.swift in Sources */ = {isa = PBXBuildFile; fileRef = 4A397657244A9350006C934C /* EventHandler.swift */; };
		4A39765A244A949C006C934C /* TagHandler.swift in Sources */ = {isa = PBXBuildFile; fileRef = 4A397659244A949C006C934C /* TagHandler.swift */; };
		4A39765C244A953A006C934C /* PlaceHandler.swift in Sources */ = {isa = PBXBuildFile; fileRef = 4A39765B244A953A006C934C /* PlaceHandler.swift */; };
		4A39765E244A95E7006C934C /* LinkHandler.swift in Sources */ = {isa = PBXBuildFile; fileRef = 4A39765D244A95E7006C934C /* LinkHandler.swift */; };
		4A397660244A9620006C934C /* ImageRefHandler.swift in Sources */ = {isa = PBXBuildFile; fileRef = 4A39765F244A9620006C934C /* ImageRefHandler.swift */; };
		4A397662244A96CB006C934C /* EventusClient.swift in Sources */ = {isa = PBXBuildFile; fileRef = 4A397661244A96CB006C934C /* EventusClient.swift */; };
		4A397664244B9B1E006C934C /* FestivalHandlerTests.swift in Sources */ = {isa = PBXBuildFile; fileRef = 4A397663244B9B1E006C934C /* FestivalHandlerTests.swift */; };
		4A45D5A52441771100CF4E1B /* EventusAPI.framework in Frameworks */ = {isa = PBXBuildFile; fileRef = 4A45D59B2441771100CF4E1B /* EventusAPI.framework */; };
		4A45D5AC2441771100CF4E1B /* EventusAPI.h in Headers */ = {isa = PBXBuildFile; fileRef = 4A45D59E2441771100CF4E1B /* EventusAPI.h */; settings = {ATTRIBUTES = (Public, ); }; };
		4A45D5B924417D9800CF4E1B /* Webservice.swift in Sources */ = {isa = PBXBuildFile; fileRef = 4A45D5B824417D9800CF4E1B /* Webservice.swift */; };
		4A45D5BF2442894E00CF4E1B /* WebserviceTests.swift in Sources */ = {isa = PBXBuildFile; fileRef = 4A45D5BE2442894E00CF4E1B /* WebserviceTests.swift */; };
		4A45D5DF2448513100CF4E1B /* FestivalHandler.swift in Sources */ = {isa = PBXBuildFile; fileRef = 4A45D5DE2448513100CF4E1B /* FestivalHandler.swift */; };
		4AC74015245D043D00679E39 /* ImageRefHandlerTests.swift in Sources */ = {isa = PBXBuildFile; fileRef = 4AC74014245D043D00679E39 /* ImageRefHandlerTests.swift */; };
		4AC74017245D0C6700679E39 /* LinkHandlerTests.swift in Sources */ = {isa = PBXBuildFile; fileRef = 4AC74016245D0C6700679E39 /* LinkHandlerTests.swift */; };
		4AC7401A245D18D900679E39 /* PlaceHandlerTests.swift in Sources */ = {isa = PBXBuildFile; fileRef = 4AC74019245D18D900679E39 /* PlaceHandlerTests.swift */; };
		4AC7401C245D1D6300679E39 /* TagHandlerTests.swift in Sources */ = {isa = PBXBuildFile; fileRef = 4AC7401B245D1D6300679E39 /* TagHandlerTests.swift */; };
		4AC74039245DA00A00679E39 /* FestivalHandler.swift in Sources */ = {isa = PBXBuildFile; fileRef = 4A45D5DE2448513100CF4E1B /* FestivalHandler.swift */; };
		4AC7403A245DA00A00679E39 /* ArtistHandler.swift in Sources */ = {isa = PBXBuildFile; fileRef = 4A397653244A8FB7006C934C /* ArtistHandler.swift */; };
		4AC7403B245DA00A00679E39 /* LocationHandler.swift in Sources */ = {isa = PBXBuildFile; fileRef = 4A397655244A921E006C934C /* LocationHandler.swift */; };
		4AC7403C245DA00A00679E39 /* EventHandler.swift in Sources */ = {isa = PBXBuildFile; fileRef = 4A397657244A9350006C934C /* EventHandler.swift */; };
		4AC7403D245DA00A00679E39 /* ImageRefHandler.swift in Sources */ = {isa = PBXBuildFile; fileRef = 4A39765F244A9620006C934C /* ImageRefHandler.swift */; };
		4AC7403E245DA00A00679E39 /* LinkHandler.swift in Sources */ = {isa = PBXBuildFile; fileRef = 4A39765D244A95E7006C934C /* LinkHandler.swift */; };
		4AC7403F245DA00A00679E39 /* PlaceHandler.swift in Sources */ = {isa = PBXBuildFile; fileRef = 4A39765B244A953A006C934C /* PlaceHandler.swift */; };
		4AC74040245DA00A00679E39 /* TagHandler.swift in Sources */ = {isa = PBXBuildFile; fileRef = 4A397659244A949C006C934C /* TagHandler.swift */; };
		4AC74041245DA01300679E39 /* Webservice.swift in Sources */ = {isa = PBXBuildFile; fileRef = 4A45D5B824417D9800CF4E1B /* Webservice.swift */; };
		4AC74043245DA01600679E39 /* EventusClient.swift in Sources */ = {isa = PBXBuildFile; fileRef = 4A397661244A96CB006C934C /* EventusClient.swift */; };
		4AC74044245DA01E00679E39 /* EventusAPI.h in Headers */ = {isa = PBXBuildFile; fileRef = 4A45D59E2441771100CF4E1B /* EventusAPI.h */; settings = {ATTRIBUTES = (Public, ); }; };
		4ACBAF3F2459821D00140AA6 /* EventHandlerTests.swift in Sources */ = {isa = PBXBuildFile; fileRef = 4ACBAF3E2459821D00140AA6 /* EventHandlerTests.swift */; };
		4AFE00AD2455827300996DD9 /* ArtistHandlerTests.swift in Sources */ = {isa = PBXBuildFile; fileRef = 4AFE00AC2455827300996DD9 /* ArtistHandlerTests.swift */; };
		4AFE00AF2455917B00996DD9 /* LocationHandlerTests.swift in Sources */ = {isa = PBXBuildFile; fileRef = 4AFE00AE2455917B00996DD9 /* LocationHandlerTests.swift */; };
/* End PBXBuildFile section */

/* Begin PBXContainerItemProxy section */
		4A341EEF2461F87400CF84E5 /* PBXContainerItemProxy */ = {
			isa = PBXContainerItemProxy;
			containerPortal = 4A45D5922441771100CF4E1B /* Project object */;
			proxyType = 1;
			remoteGlobalIDString = 4AC74030245D9FA400679E39;
			remoteInfo = "EventusAPI macOS";
		};
		4A45D5A62441771100CF4E1B /* PBXContainerItemProxy */ = {
			isa = PBXContainerItemProxy;
			containerPortal = 4A45D5922441771100CF4E1B /* Project object */;
			proxyType = 1;
			remoteGlobalIDString = 4A45D59A2441771100CF4E1B;
			remoteInfo = "EventusAPI-Swift";
		};
		4AC74021245D200700679E39 /* PBXContainerItemProxy */ = {
			isa = PBXContainerItemProxy;
			containerPortal = 4A45D5922441771100CF4E1B /* Project object */;
			proxyType = 1;
			remoteGlobalIDString = 4A45D59A2441771100CF4E1B;
			remoteInfo = "EventusAPI-Swift";
		};
/* End PBXContainerItemProxy section */

/* Begin PBXFileReference section */
		4A341EE92461F87400CF84E5 /* EventusAPI macOS Tests.xctest */ = {isa = PBXFileReference; explicitFileType = wrapper.cfbundle; includeInIndex = 0; path = "EventusAPI macOS Tests.xctest"; sourceTree = BUILT_PRODUCTS_DIR; };
		4A397653244A8FB7006C934C /* ArtistHandler.swift */ = {isa = PBXFileReference; lastKnownFileType = sourcecode.swift; path = ArtistHandler.swift; sourceTree = "<group>"; };
		4A397655244A921E006C934C /* LocationHandler.swift */ = {isa = PBXFileReference; lastKnownFileType = sourcecode.swift; path = LocationHandler.swift; sourceTree = "<group>"; };
		4A397657244A9350006C934C /* EventHandler.swift */ = {isa = PBXFileReference; lastKnownFileType = sourcecode.swift; path = EventHandler.swift; sourceTree = "<group>"; };
		4A397659244A949C006C934C /* TagHandler.swift */ = {isa = PBXFileReference; lastKnownFileType = sourcecode.swift; path = TagHandler.swift; sourceTree = "<group>"; };
		4A39765B244A953A006C934C /* PlaceHandler.swift */ = {isa = PBXFileReference; lastKnownFileType = sourcecode.swift; path = PlaceHandler.swift; sourceTree = "<group>"; };
		4A39765D244A95E7006C934C /* LinkHandler.swift */ = {isa = PBXFileReference; lastKnownFileType = sourcecode.swift; path = LinkHandler.swift; sourceTree = "<group>"; };
		4A39765F244A9620006C934C /* ImageRefHandler.swift */ = {isa = PBXFileReference; lastKnownFileType = sourcecode.swift; path = ImageRefHandler.swift; sourceTree = "<group>"; };
		4A397661244A96CB006C934C /* EventusClient.swift */ = {isa = PBXFileReference; lastKnownFileType = sourcecode.swift; path = EventusClient.swift; sourceTree = "<group>"; };
		4A397663244B9B1E006C934C /* FestivalHandlerTests.swift */ = {isa = PBXFileReference; lastKnownFileType = sourcecode.swift; path = FestivalHandlerTests.swift; sourceTree = "<group>"; };
		4A45D59B2441771100CF4E1B /* EventusAPI.framework */ = {isa = PBXFileReference; explicitFileType = wrapper.framework; includeInIndex = 0; path = EventusAPI.framework; sourceTree = BUILT_PRODUCTS_DIR; };
		4A45D59E2441771100CF4E1B /* EventusAPI.h */ = {isa = PBXFileReference; lastKnownFileType = sourcecode.c.h; path = EventusAPI.h; sourceTree = "<group>"; };
		4A45D59F2441771100CF4E1B /* Info.plist */ = {isa = PBXFileReference; lastKnownFileType = text.plist.xml; path = Info.plist; sourceTree = "<group>"; };
		4A45D5A42441771100CF4E1B /* EventusAPI iOS Tests.xctest */ = {isa = PBXFileReference; explicitFileType = wrapper.cfbundle; includeInIndex = 0; path = "EventusAPI iOS Tests.xctest"; sourceTree = BUILT_PRODUCTS_DIR; };
		4A45D5AB2441771100CF4E1B /* Info.plist */ = {isa = PBXFileReference; lastKnownFileType = text.plist.xml; path = Info.plist; sourceTree = "<group>"; };
		4A45D5B824417D9800CF4E1B /* Webservice.swift */ = {isa = PBXFileReference; lastKnownFileType = sourcecode.swift; path = Webservice.swift; sourceTree = "<group>"; };
		4A45D5BE2442894E00CF4E1B /* WebserviceTests.swift */ = {isa = PBXFileReference; lastKnownFileType = sourcecode.swift; path = WebserviceTests.swift; sourceTree = "<group>"; };
		4A45D5DE2448513100CF4E1B /* FestivalHandler.swift */ = {isa = PBXFileReference; lastKnownFileType = sourcecode.swift; path = FestivalHandler.swift; sourceTree = "<group>"; };
		4AC74014245D043D00679E39 /* ImageRefHandlerTests.swift */ = {isa = PBXFileReference; lastKnownFileType = sourcecode.swift; path = ImageRefHandlerTests.swift; sourceTree = "<group>"; };
		4AC74016245D0C6700679E39 /* LinkHandlerTests.swift */ = {isa = PBXFileReference; lastKnownFileType = sourcecode.swift; path = LinkHandlerTests.swift; sourceTree = "<group>"; };
		4AC74019245D18D900679E39 /* PlaceHandlerTests.swift */ = {isa = PBXFileReference; lastKnownFileType = sourcecode.swift; path = PlaceHandlerTests.swift; sourceTree = "<group>"; };
		4AC7401B245D1D6300679E39 /* TagHandlerTests.swift */ = {isa = PBXFileReference; lastKnownFileType = sourcecode.swift; path = TagHandlerTests.swift; sourceTree = "<group>"; };
		4AC74024245D20A300679E39 /* .jazzy.yaml */ = {isa = PBXFileReference; lastKnownFileType = text.yaml; path = .jazzy.yaml; sourceTree = "<group>"; };
		4AC74026245D255D00679E39 /* .gitignore */ = {isa = PBXFileReference; lastKnownFileType = text; path = .gitignore; sourceTree = "<group>"; };
		4AC74028245D258800679E39 /* README.md */ = {isa = PBXFileReference; lastKnownFileType = net.daringfireball.markdown; path = README.md; sourceTree = "<group>"; };
		4AC74031245D9FA400679E39 /* EventusAPI.framework */ = {isa = PBXFileReference; explicitFileType = wrapper.framework; includeInIndex = 0; path = EventusAPI.framework; sourceTree = BUILT_PRODUCTS_DIR; };
		4ACBAF3E2459821D00140AA6 /* EventHandlerTests.swift */ = {isa = PBXFileReference; lastKnownFileType = sourcecode.swift; path = EventHandlerTests.swift; sourceTree = "<group>"; };
		4AFE00AC2455827300996DD9 /* ArtistHandlerTests.swift */ = {isa = PBXFileReference; lastKnownFileType = sourcecode.swift; path = ArtistHandlerTests.swift; sourceTree = "<group>"; };
		4AFE00AE2455917B00996DD9 /* LocationHandlerTests.swift */ = {isa = PBXFileReference; lastKnownFileType = sourcecode.swift; path = LocationHandlerTests.swift; sourceTree = "<group>"; };
/* End PBXFileReference section */

/* Begin PBXFrameworksBuildPhase section */
		4A341EE62461F87400CF84E5 /* Frameworks */ = {
			isa = PBXFrameworksBuildPhase;
			buildActionMask = 2147483647;
			files = (
				4A341EEE2461F87400CF84E5 /* EventusAPI.framework in Frameworks */,
			);
			runOnlyForDeploymentPostprocessing = 0;
		};
		4A45D5982441771100CF4E1B /* Frameworks */ = {
			isa = PBXFrameworksBuildPhase;
			buildActionMask = 2147483647;
			files = (
			);
			runOnlyForDeploymentPostprocessing = 0;
		};
		4A45D5A12441771100CF4E1B /* Frameworks */ = {
			isa = PBXFrameworksBuildPhase;
			buildActionMask = 2147483647;
			files = (
				4A45D5A52441771100CF4E1B /* EventusAPI.framework in Frameworks */,
			);
			runOnlyForDeploymentPostprocessing = 0;
		};
		4AC7402E245D9FA400679E39 /* Frameworks */ = {
			isa = PBXFrameworksBuildPhase;
			buildActionMask = 2147483647;
			files = (
			);
			runOnlyForDeploymentPostprocessing = 0;
		};
/* End PBXFrameworksBuildPhase section */

/* Begin PBXGroup section */
		4A341EEA2461F87400CF84E5 /* EventusAPI macOS Tests */ = {
			isa = PBXGroup;
			children = (
			);
			path = "EventusAPI macOS Tests";
			sourceTree = "<group>";
		};
		4A397652244A8F9A006C934C /* Handler */ = {
			isa = PBXGroup;
			children = (
				4A45D5DE2448513100CF4E1B /* FestivalHandler.swift */,
				4A397653244A8FB7006C934C /* ArtistHandler.swift */,
				4A397655244A921E006C934C /* LocationHandler.swift */,
				4A397657244A9350006C934C /* EventHandler.swift */,
				4A39765F244A9620006C934C /* ImageRefHandler.swift */,
				4A39765D244A95E7006C934C /* LinkHandler.swift */,
				4A39765B244A953A006C934C /* PlaceHandler.swift */,
				4A397659244A949C006C934C /* TagHandler.swift */,
			);
			path = Handler;
			sourceTree = "<group>";
		};
		4A45D5912441771100CF4E1B = {
			isa = PBXGroup;
			children = (
				4A45D59D2441771100CF4E1B /* EventusAPI */,
				4A45D5A82441771100CF4E1B /* Integration Tests */,
				4A341EEA2461F87400CF84E5 /* EventusAPI macOS Tests */,
				4A45D59C2441771100CF4E1B /* Products */,
				4AC74028245D258800679E39 /* README.md */,
				4AC74024245D20A300679E39 /* .jazzy.yaml */,
				4AC74026245D255D00679E39 /* .gitignore */,
			);
			sourceTree = "<group>";
		};
		4A45D59C2441771100CF4E1B /* Products */ = {
			isa = PBXGroup;
			children = (
				4A45D59B2441771100CF4E1B /* EventusAPI.framework */,
				4A45D5A42441771100CF4E1B /* EventusAPI iOS Tests.xctest */,
				4AC74031245D9FA400679E39 /* EventusAPI.framework */,
				4A341EE92461F87400CF84E5 /* EventusAPI macOS Tests.xctest */,
			);
			name = Products;
			sourceTree = "<group>";
		};
		4A45D59D2441771100CF4E1B /* EventusAPI */ = {
			isa = PBXGroup;
			children = (
				4A45D59E2441771100CF4E1B /* EventusAPI.h */,
				4A45D59F2441771100CF4E1B /* Info.plist */,
				4A45D5B524417C3800CF4E1B /* Source */,
			);
			path = EventusAPI;
			sourceTree = "<group>";
		};
		4A45D5A82441771100CF4E1B /* Integration Tests */ = {
			isa = PBXGroup;
			children = (
				4A45D5AB2441771100CF4E1B /* Info.plist */,
				4A45D5BE2442894E00CF4E1B /* WebserviceTests.swift */,
				4A397663244B9B1E006C934C /* FestivalHandlerTests.swift */,
				4AFE00AC2455827300996DD9 /* ArtistHandlerTests.swift */,
				4AFE00AE2455917B00996DD9 /* LocationHandlerTests.swift */,
				4ACBAF3E2459821D00140AA6 /* EventHandlerTests.swift */,
				4AC74014245D043D00679E39 /* ImageRefHandlerTests.swift */,
				4AC74016245D0C6700679E39 /* LinkHandlerTests.swift */,
				4AC74019245D18D900679E39 /* PlaceHandlerTests.swift */,
				4AC7401B245D1D6300679E39 /* TagHandlerTests.swift */,
			);
			path = "Integration Tests";
			sourceTree = "<group>";
		};
		4A45D5B524417C3800CF4E1B /* Source */ = {
			isa = PBXGroup;
			children = (
				4A397661244A96CB006C934C /* EventusClient.swift */,
				4A45D5B824417D9800CF4E1B /* Webservice.swift */,
				4A397652244A8F9A006C934C /* Handler */,
			);
			path = Source;
			sourceTree = "<group>";
		};
/* End PBXGroup section */

/* Begin PBXHeadersBuildPhase section */
		4A45D5962441771100CF4E1B /* Headers */ = {
			isa = PBXHeadersBuildPhase;
			buildActionMask = 2147483647;
			files = (
				4A45D5AC2441771100CF4E1B /* EventusAPI.h in Headers */,
			);
			runOnlyForDeploymentPostprocessing = 0;
		};
		4AC7402C245D9FA400679E39 /* Headers */ = {
			isa = PBXHeadersBuildPhase;
			buildActionMask = 2147483647;
			files = (
				4AC74044245DA01E00679E39 /* EventusAPI.h in Headers */,
			);
			runOnlyForDeploymentPostprocessing = 0;
		};
/* End PBXHeadersBuildPhase section */

/* Begin PBXNativeTarget section */
		4A341EE82461F87400CF84E5 /* EventusAPI macOS Tests */ = {
			isa = PBXNativeTarget;
			buildConfigurationList = 4A341EF12461F87400CF84E5 /* Build configuration list for PBXNativeTarget "EventusAPI macOS Tests" */;
			buildPhases = (
				4A341EE52461F87400CF84E5 /* Sources */,
				4A341EE62461F87400CF84E5 /* Frameworks */,
				4A341EE72461F87400CF84E5 /* Resources */,
			);
			buildRules = (
			);
			dependencies = (
				4A341EF02461F87400CF84E5 /* PBXTargetDependency */,
			);
			name = "EventusAPI macOS Tests";
			productName = "EventusAPI macOS Tests";
			productReference = 4A341EE92461F87400CF84E5 /* EventusAPI macOS Tests.xctest */;
			productType = "com.apple.product-type.bundle.unit-test";
		};
		4A45D59A2441771100CF4E1B /* EventusAPI iOS */ = {
			isa = PBXNativeTarget;
			buildConfigurationList = 4A45D5AF2441771100CF4E1B /* Build configuration list for PBXNativeTarget "EventusAPI iOS" */;
			buildPhases = (
				4A45D5962441771100CF4E1B /* Headers */,
				4A45D5972441771100CF4E1B /* Sources */,
				4A45D5982441771100CF4E1B /* Frameworks */,
				4A45D5992441771100CF4E1B /* Resources */,
				4AC74045245DA10300679E39 /* Increase Build Number */,
			);
			buildRules = (
			);
			dependencies = (
			);
			name = "EventusAPI iOS";
			productName = "EventusAPI-Swift";
			productReference = 4A45D59B2441771100CF4E1B /* EventusAPI.framework */;
			productType = "com.apple.product-type.framework";
		};
		4A45D5A32441771100CF4E1B /* EventusAPI iOS Tests */ = {
			isa = PBXNativeTarget;
			buildConfigurationList = 4A45D5B22441771100CF4E1B /* Build configuration list for PBXNativeTarget "EventusAPI iOS Tests" */;
			buildPhases = (
				4A45D5A02441771100CF4E1B /* Sources */,
				4A45D5A12441771100CF4E1B /* Frameworks */,
				4A45D5A22441771100CF4E1B /* Resources */,
			);
			buildRules = (
			);
			dependencies = (
				4A45D5A72441771100CF4E1B /* PBXTargetDependency */,
			);
			name = "EventusAPI iOS Tests";
			productName = "EventusAPI-SwiftTests";
			productReference = 4A45D5A42441771100CF4E1B /* EventusAPI iOS Tests.xctest */;
			productType = "com.apple.product-type.bundle.unit-test";
		};
		4AC74030245D9FA400679E39 /* EventusAPI macOS */ = {
			isa = PBXNativeTarget;
			buildConfigurationList = 4AC74036245D9FA400679E39 /* Build configuration list for PBXNativeTarget "EventusAPI macOS" */;
			buildPhases = (
				4AC7402C245D9FA400679E39 /* Headers */,
				4AC7402D245D9FA400679E39 /* Sources */,
				4AC7402E245D9FA400679E39 /* Frameworks */,
				4AC7402F245D9FA400679E39 /* Resources */,
				4AC74046245DA13F00679E39 /* Increase Build Number */,
			);
			buildRules = (
			);
			dependencies = (
			);
			name = "EventusAPI macOS";
			productName = "EventusAPI macOS";
			productReference = 4AC74031245D9FA400679E39 /* EventusAPI.framework */;
			productType = "com.apple.product-type.framework";
		};
/* End PBXNativeTarget section */

/* Begin PBXProject section */
		4A45D5922441771100CF4E1B /* Project object */ = {
			isa = PBXProject;
			attributes = {
				LastSwiftUpdateCheck = 1140;
				LastUpgradeCheck = 1140;
				ORGANIZATIONNAME = "Simon Gaus";
				TargetAttributes = {
					4A341EE82461F87400CF84E5 = {
						CreatedOnToolsVersion = 11.4.1;
					};
					4A45D59A2441771100CF4E1B = {
						CreatedOnToolsVersion = 11.4;
						LastSwiftMigration = 1140;
					};
					4A45D5A32441771100CF4E1B = {
						CreatedOnToolsVersion = 11.4;
					};
					4AC7401D245D1FF900679E39 = {
						CreatedOnToolsVersion = 11.4.1;
					};
					4AC74030245D9FA400679E39 = {
						CreatedOnToolsVersion = 11.4.1;
					};
				};
			};
			buildConfigurationList = 4A45D5952441771100CF4E1B /* Build configuration list for PBXProject "EventusAPI" */;
			compatibilityVersion = "Xcode 9.3";
			developmentRegion = en;
			hasScannedForEncodings = 0;
			knownRegions = (
				en,
				Base,
			);
			mainGroup = 4A45D5912441771100CF4E1B;
			productRefGroup = 4A45D59C2441771100CF4E1B /* Products */;
			projectDirPath = "";
			projectRoot = "";
			targets = (
				4A45D59A2441771100CF4E1B /* EventusAPI iOS */,
				4AC74030245D9FA400679E39 /* EventusAPI macOS */,
				4A45D5A32441771100CF4E1B /* EventusAPI iOS Tests */,
				4A341EE82461F87400CF84E5 /* EventusAPI macOS Tests */,
				4AC7401D245D1FF900679E39 /* Documentation */,
			);
		};
/* End PBXProject section */

/* Begin PBXResourcesBuildPhase section */
		4A341EE72461F87400CF84E5 /* Resources */ = {
			isa = PBXResourcesBuildPhase;
			buildActionMask = 2147483647;
			files = (
			);
			runOnlyForDeploymentPostprocessing = 0;
		};
		4A45D5992441771100CF4E1B /* Resources */ = {
			isa = PBXResourcesBuildPhase;
			buildActionMask = 2147483647;
			files = (
			);
			runOnlyForDeploymentPostprocessing = 0;
		};
		4A45D5A22441771100CF4E1B /* Resources */ = {
			isa = PBXResourcesBuildPhase;
			buildActionMask = 2147483647;
			files = (
			);
			runOnlyForDeploymentPostprocessing = 0;
		};
		4AC7402F245D9FA400679E39 /* Resources */ = {
			isa = PBXResourcesBuildPhase;
			buildActionMask = 2147483647;
			files = (
			);
			runOnlyForDeploymentPostprocessing = 0;
		};
/* End PBXResourcesBuildPhase section */

/* Begin PBXShellScriptBuildPhase section */
		4AC74023245D200900679E39 /* Build Documentation */ = {
			isa = PBXShellScriptBuildPhase;
			buildActionMask = 2147483647;
			files = (
			);
			inputFileListPaths = (
			);
			inputPaths = (
			);
			name = "Build Documentation";
			outputFileListPaths = (
			);
			outputPaths = (
			);
			runOnlyForDeploymentPostprocessing = 0;
			shellPath = /bin/sh;
			shellScript = "#jazzy Xcode script\nif which jazzy > /dev/null; then\n\njazzy \\\n--theme apple \\\n--min-acl internal\n\nelse\necho \"warning: jazzy not installed, download it from https://github.com/realm/jazzy\"\nfi\n";
		};
		4AC74045245DA10300679E39 /* Increase Build Number */ = {
			isa = PBXShellScriptBuildPhase;
			buildActionMask = 2147483647;
			files = (
			);
			inputFileListPaths = (
			);
			inputPaths = (
			);
			name = "Increase Build Number";
			outputFileListPaths = (
			);
			outputPaths = (
			);
			runOnlyForDeploymentPostprocessing = 0;
			shellPath = /bin/bash;
			shellScript = "buildNumber=$(/usr/libexec/PlistBuddy -c \"Print CFBundleVersion\" \"$INFOPLIST_FILE\")\nbuildNumber=$(($buildNumber + 1))\n/usr/libexec/PlistBuddy -c \"Set :CFBundleVersion $buildNumber\" \"$INFOPLIST_FILE\"\n";
		};
		4AC74046245DA13F00679E39 /* Increase Build Number */ = {
			isa = PBXShellScriptBuildPhase;
			buildActionMask = 2147483647;
			files = (
			);
			inputFileListPaths = (
			);
			inputPaths = (
			);
			name = "Increase Build Number";
			outputFileListPaths = (
			);
			outputPaths = (
			);
			runOnlyForDeploymentPostprocessing = 0;
			shellPath = /bin/sh;
			shellScript = "buildNumber=$(/usr/libexec/PlistBuddy -c \"Print CFBundleVersion\" \"$INFOPLIST_FILE\")\nbuildNumber=$(($buildNumber + 1))\n/usr/libexec/PlistBuddy -c \"Set :CFBundleVersion $buildNumber\" \"$INFOPLIST_FILE\"\n";
		};
/* End PBXShellScriptBuildPhase section */

/* Begin PBXSourcesBuildPhase section */
		4A341EE52461F87400CF84E5 /* Sources */ = {
			isa = PBXSourcesBuildPhase;
			buildActionMask = 2147483647;
			files = (
				4A341EFA2461F88200CF84E5 /* LinkHandlerTests.swift in Sources */,
				4A341EFC2461F88200CF84E5 /* TagHandlerTests.swift in Sources */,
				4A341EF92461F88200CF84E5 /* ImageRefHandlerTests.swift in Sources */,
				4A341EF42461F88200CF84E5 /* WebserviceTests.swift in Sources */,
				4A341EF52461F88200CF84E5 /* FestivalHandlerTests.swift in Sources */,
				4A341EF82461F88200CF84E5 /* EventHandlerTests.swift in Sources */,
				4A341EF72461F88200CF84E5 /* LocationHandlerTests.swift in Sources */,
				4A341EF62461F88200CF84E5 /* ArtistHandlerTests.swift in Sources */,
				4A341EFB2461F88200CF84E5 /* PlaceHandlerTests.swift in Sources */,
			);
			runOnlyForDeploymentPostprocessing = 0;
		};
		4A45D5972441771100CF4E1B /* Sources */ = {
			isa = PBXSourcesBuildPhase;
			buildActionMask = 2147483647;
			files = (
				4A39765C244A953A006C934C /* PlaceHandler.swift in Sources */,
				4A45D5B924417D9800CF4E1B /* Webservice.swift in Sources */,
				4A397658244A9350006C934C /* EventHandler.swift in Sources */,
				4A397662244A96CB006C934C /* EventusClient.swift in Sources */,
				4A397660244A9620006C934C /* ImageRefHandler.swift in Sources */,
				4A45D5DF2448513100CF4E1B /* FestivalHandler.swift in Sources */,
				4A397656244A921E006C934C /* LocationHandler.swift in Sources */,
				4A39765A244A949C006C934C /* TagHandler.swift in Sources */,
				4A39765E244A95E7006C934C /* LinkHandler.swift in Sources */,
				4A397654244A8FB7006C934C /* ArtistHandler.swift in Sources */,
			);
			runOnlyForDeploymentPostprocessing = 0;
		};
		4A45D5A02441771100CF4E1B /* Sources */ = {
			isa = PBXSourcesBuildPhase;
			buildActionMask = 2147483647;
			files = (
				4AC7401A245D18D900679E39 /* PlaceHandlerTests.swift in Sources */,
				4A397664244B9B1E006C934C /* FestivalHandlerTests.swift in Sources */,
				4A45D5BF2442894E00CF4E1B /* WebserviceTests.swift in Sources */,
				4AC7401C245D1D6300679E39 /* TagHandlerTests.swift in Sources */,
				4ACBAF3F2459821D00140AA6 /* EventHandlerTests.swift in Sources */,
				4AC74017245D0C6700679E39 /* LinkHandlerTests.swift in Sources */,
				4AFE00AD2455827300996DD9 /* ArtistHandlerTests.swift in Sources */,
				4AC74015245D043D00679E39 /* ImageRefHandlerTests.swift in Sources */,
				4AFE00AF2455917B00996DD9 /* LocationHandlerTests.swift in Sources */,
			);
			runOnlyForDeploymentPostprocessing = 0;
		};
		4AC7402D245D9FA400679E39 /* Sources */ = {
			isa = PBXSourcesBuildPhase;
			buildActionMask = 2147483647;
			files = (
				4AC7403B245DA00A00679E39 /* LocationHandler.swift in Sources */,
				4AC74043245DA01600679E39 /* EventusClient.swift in Sources */,
				4AC7403C245DA00A00679E39 /* EventHandler.swift in Sources */,
				4AC74039245DA00A00679E39 /* FestivalHandler.swift in Sources */,
				4AC7403D245DA00A00679E39 /* ImageRefHandler.swift in Sources */,
				4AC7403E245DA00A00679E39 /* LinkHandler.swift in Sources */,
				4AC74040245DA00A00679E39 /* TagHandler.swift in Sources */,
				4AC7403F245DA00A00679E39 /* PlaceHandler.swift in Sources */,
				4AC7403A245DA00A00679E39 /* ArtistHandler.swift in Sources */,
				4AC74041245DA01300679E39 /* Webservice.swift in Sources */,
			);
			runOnlyForDeploymentPostprocessing = 0;
		};
/* End PBXSourcesBuildPhase section */

/* Begin PBXTargetDependency section */
		4A341EF02461F87400CF84E5 /* PBXTargetDependency */ = {
			isa = PBXTargetDependency;
			target = 4AC74030245D9FA400679E39 /* EventusAPI macOS */;
			targetProxy = 4A341EEF2461F87400CF84E5 /* PBXContainerItemProxy */;
		};
		4A45D5A72441771100CF4E1B /* PBXTargetDependency */ = {
			isa = PBXTargetDependency;
			target = 4A45D59A2441771100CF4E1B /* EventusAPI iOS */;
			targetProxy = 4A45D5A62441771100CF4E1B /* PBXContainerItemProxy */;
		};
		4AC74022245D200700679E39 /* PBXTargetDependency */ = {
			isa = PBXTargetDependency;
			target = 4A45D59A2441771100CF4E1B /* EventusAPI iOS */;
			targetProxy = 4AC74021245D200700679E39 /* PBXContainerItemProxy */;
		};
/* End PBXTargetDependency section */

/* Begin XCBuildConfiguration section */
		4A341EF22461F87400CF84E5 /* Debug */ = {
			isa = XCBuildConfiguration;
			buildSettings = {
				CODE_SIGN_STYLE = Automatic;
				COMBINE_HIDPI_IMAGES = YES;
				DEVELOPMENT_TEAM = N67G6688LK;
				INFOPLIST_FILE = "Integration Tests/Info.plist";
				LD_RUNPATH_SEARCH_PATHS = (
					"$(inherited)",
					"@executable_path/../Frameworks",
					"@loader_path/../Frameworks",
				);
				MACOSX_DEPLOYMENT_TARGET = 10.15;
				PRODUCT_BUNDLE_IDENTIFIER = "de.simonsserver.EventusAPI-SwiftTests";
				PRODUCT_NAME = "$(TARGET_NAME)";
				SDKROOT = macosx;
				SWIFT_VERSION = 5.0;
			};
			name = Debug;
		};
		4A341EF32461F87400CF84E5 /* Release */ = {
			isa = XCBuildConfiguration;
			buildSettings = {
				CODE_SIGN_STYLE = Automatic;
				COMBINE_HIDPI_IMAGES = YES;
				DEVELOPMENT_TEAM = N67G6688LK;
				INFOPLIST_FILE = "Integration Tests/Info.plist";
				LD_RUNPATH_SEARCH_PATHS = (
					"$(inherited)",
					"@executable_path/../Frameworks",
					"@loader_path/../Frameworks",
				);
				MACOSX_DEPLOYMENT_TARGET = 10.15;
				PRODUCT_BUNDLE_IDENTIFIER = "de.simonsserver.EventusAPI-SwiftTests";
				PRODUCT_NAME = "$(TARGET_NAME)";
				SDKROOT = macosx;
				SWIFT_VERSION = 5.0;
			};
			name = Release;
		};
		4A45D5AD2441771100CF4E1B /* Debug */ = {
			isa = XCBuildConfiguration;
			buildSettings = {
				ALWAYS_SEARCH_USER_PATHS = NO;
				CLANG_ANALYZER_NONNULL = YES;
				CLANG_ANALYZER_NUMBER_OBJECT_CONVERSION = YES_AGGRESSIVE;
				CLANG_CXX_LANGUAGE_STANDARD = "gnu++14";
				CLANG_CXX_LIBRARY = "libc++";
				CLANG_ENABLE_MODULES = YES;
				CLANG_ENABLE_OBJC_ARC = YES;
				CLANG_ENABLE_OBJC_WEAK = YES;
				CLANG_WARN_BLOCK_CAPTURE_AUTORELEASING = YES;
				CLANG_WARN_BOOL_CONVERSION = YES;
				CLANG_WARN_COMMA = YES;
				CLANG_WARN_CONSTANT_CONVERSION = YES;
				CLANG_WARN_DEPRECATED_OBJC_IMPLEMENTATIONS = YES;
				CLANG_WARN_DIRECT_OBJC_ISA_USAGE = YES_ERROR;
				CLANG_WARN_DOCUMENTATION_COMMENTS = YES;
				CLANG_WARN_EMPTY_BODY = YES;
				CLANG_WARN_ENUM_CONVERSION = YES;
				CLANG_WARN_INFINITE_RECURSION = YES;
				CLANG_WARN_INT_CONVERSION = YES;
				CLANG_WARN_NON_LITERAL_NULL_CONVERSION = YES;
				CLANG_WARN_OBJC_IMPLICIT_RETAIN_SELF = YES;
				CLANG_WARN_OBJC_LITERAL_CONVERSION = YES;
				CLANG_WARN_OBJC_ROOT_CLASS = YES_ERROR;
				CLANG_WARN_RANGE_LOOP_ANALYSIS = YES;
				CLANG_WARN_STRICT_PROTOTYPES = YES;
				CLANG_WARN_SUSPICIOUS_MOVE = YES;
				CLANG_WARN_UNGUARDED_AVAILABILITY = YES_AGGRESSIVE;
				CLANG_WARN_UNREACHABLE_CODE = YES;
				CLANG_WARN__DUPLICATE_METHOD_MATCH = YES;
				COPY_PHASE_STRIP = NO;
				CURRENT_PROJECT_VERSION = 1;
				DEBUG_INFORMATION_FORMAT = dwarf;
				ENABLE_STRICT_OBJC_MSGSEND = YES;
				ENABLE_TESTABILITY = YES;
				GCC_C_LANGUAGE_STANDARD = gnu11;
				GCC_DYNAMIC_NO_PIC = NO;
				GCC_NO_COMMON_BLOCKS = YES;
				GCC_OPTIMIZATION_LEVEL = 0;
				GCC_PREPROCESSOR_DEFINITIONS = (
					"DEBUG=1",
					"$(inherited)",
				);
				GCC_WARN_64_TO_32_BIT_CONVERSION = YES;
				GCC_WARN_ABOUT_RETURN_TYPE = YES_ERROR;
				GCC_WARN_UNDECLARED_SELECTOR = YES;
				GCC_WARN_UNINITIALIZED_AUTOS = YES_AGGRESSIVE;
				GCC_WARN_UNUSED_FUNCTION = YES;
				GCC_WARN_UNUSED_VARIABLE = YES;
				IPHONEOS_DEPLOYMENT_TARGET = 13.4;
				MTL_ENABLE_DEBUG_INFO = INCLUDE_SOURCE;
				MTL_FAST_MATH = YES;
				ONLY_ACTIVE_ARCH = YES;
				SDKROOT = iphoneos;
				SWIFT_ACTIVE_COMPILATION_CONDITIONS = DEBUG;
				SWIFT_OPTIMIZATION_LEVEL = "-Onone";
				VERSIONING_SYSTEM = "apple-generic";
				VERSION_INFO_PREFIX = "";
			};
			name = Debug;
		};
		4A45D5AE2441771100CF4E1B /* Release */ = {
			isa = XCBuildConfiguration;
			buildSettings = {
				ALWAYS_SEARCH_USER_PATHS = NO;
				CLANG_ANALYZER_NONNULL = YES;
				CLANG_ANALYZER_NUMBER_OBJECT_CONVERSION = YES_AGGRESSIVE;
				CLANG_CXX_LANGUAGE_STANDARD = "gnu++14";
				CLANG_CXX_LIBRARY = "libc++";
				CLANG_ENABLE_MODULES = YES;
				CLANG_ENABLE_OBJC_ARC = YES;
				CLANG_ENABLE_OBJC_WEAK = YES;
				CLANG_WARN_BLOCK_CAPTURE_AUTORELEASING = YES;
				CLANG_WARN_BOOL_CONVERSION = YES;
				CLANG_WARN_COMMA = YES;
				CLANG_WARN_CONSTANT_CONVERSION = YES;
				CLANG_WARN_DEPRECATED_OBJC_IMPLEMENTATIONS = YES;
				CLANG_WARN_DIRECT_OBJC_ISA_USAGE = YES_ERROR;
				CLANG_WARN_DOCUMENTATION_COMMENTS = YES;
				CLANG_WARN_EMPTY_BODY = YES;
				CLANG_WARN_ENUM_CONVERSION = YES;
				CLANG_WARN_INFINITE_RECURSION = YES;
				CLANG_WARN_INT_CONVERSION = YES;
				CLANG_WARN_NON_LITERAL_NULL_CONVERSION = YES;
				CLANG_WARN_OBJC_IMPLICIT_RETAIN_SELF = YES;
				CLANG_WARN_OBJC_LITERAL_CONVERSION = YES;
				CLANG_WARN_OBJC_ROOT_CLASS = YES_ERROR;
				CLANG_WARN_RANGE_LOOP_ANALYSIS = YES;
				CLANG_WARN_STRICT_PROTOTYPES = YES;
				CLANG_WARN_SUSPICIOUS_MOVE = YES;
				CLANG_WARN_UNGUARDED_AVAILABILITY = YES_AGGRESSIVE;
				CLANG_WARN_UNREACHABLE_CODE = YES;
				CLANG_WARN__DUPLICATE_METHOD_MATCH = YES;
				COPY_PHASE_STRIP = NO;
				CURRENT_PROJECT_VERSION = 1;
				DEBUG_INFORMATION_FORMAT = "dwarf-with-dsym";
				ENABLE_NS_ASSERTIONS = NO;
				ENABLE_STRICT_OBJC_MSGSEND = YES;
				GCC_C_LANGUAGE_STANDARD = gnu11;
				GCC_NO_COMMON_BLOCKS = YES;
				GCC_WARN_64_TO_32_BIT_CONVERSION = YES;
				GCC_WARN_ABOUT_RETURN_TYPE = YES_ERROR;
				GCC_WARN_UNDECLARED_SELECTOR = YES;
				GCC_WARN_UNINITIALIZED_AUTOS = YES_AGGRESSIVE;
				GCC_WARN_UNUSED_FUNCTION = YES;
				GCC_WARN_UNUSED_VARIABLE = YES;
				IPHONEOS_DEPLOYMENT_TARGET = 13.4;
				MTL_ENABLE_DEBUG_INFO = NO;
				MTL_FAST_MATH = YES;
				SDKROOT = iphoneos;
				SWIFT_COMPILATION_MODE = wholemodule;
				SWIFT_OPTIMIZATION_LEVEL = "-O";
				VALIDATE_PRODUCT = YES;
				VERSIONING_SYSTEM = "apple-generic";
				VERSION_INFO_PREFIX = "";
			};
			name = Release;
		};
		4A45D5B02441771100CF4E1B /* Debug */ = {
			isa = XCBuildConfiguration;
			buildSettings = {
				CLANG_ENABLE_MODULES = YES;
				CODE_SIGN_STYLE = Automatic;
				CURRENT_PROJECT_VERSION = 2;
				DEFINES_MODULE = YES;
				DEVELOPMENT_TEAM = N67G6688LK;
				DYLIB_COMPATIBILITY_VERSION = 1;
				DYLIB_CURRENT_VERSION = 1;
				DYLIB_INSTALL_NAME_BASE = "@rpath";
				INFOPLIST_FILE = EventusAPI/Info.plist;
				INSTALL_PATH = "$(LOCAL_LIBRARY_DIR)/Frameworks";
				IPHONEOS_DEPLOYMENT_TARGET = 10.3;
				LD_RUNPATH_SEARCH_PATHS = (
					"$(inherited)",
					"@executable_path/Frameworks",
					"@loader_path/Frameworks",
				);
				MARKETING_VERSION = 0.1;
				PRODUCT_BUNDLE_IDENTIFIER = de.simonsserver.EventusAPI;
				PRODUCT_NAME = EventusAPI;
				SKIP_INSTALL = YES;
				SWIFT_OPTIMIZATION_LEVEL = "-Onone";
				SWIFT_VERSION = 5.0;
				TARGETED_DEVICE_FAMILY = "1,2";
			};
			name = Debug;
		};
		4A45D5B12441771100CF4E1B /* Release */ = {
			isa = XCBuildConfiguration;
			buildSettings = {
				CLANG_ENABLE_MODULES = YES;
				CODE_SIGN_STYLE = Automatic;
				CURRENT_PROJECT_VERSION = 2;
				DEFINES_MODULE = YES;
				DEVELOPMENT_TEAM = N67G6688LK;
				DYLIB_COMPATIBILITY_VERSION = 1;
				DYLIB_CURRENT_VERSION = 1;
				DYLIB_INSTALL_NAME_BASE = "@rpath";
				INFOPLIST_FILE = EventusAPI/Info.plist;
				INSTALL_PATH = "$(LOCAL_LIBRARY_DIR)/Frameworks";
				IPHONEOS_DEPLOYMENT_TARGET = 10.3;
				LD_RUNPATH_SEARCH_PATHS = (
					"$(inherited)",
					"@executable_path/Frameworks",
					"@loader_path/Frameworks",
				);
				MARKETING_VERSION = 0.1;
				PRODUCT_BUNDLE_IDENTIFIER = de.simonsserver.EventusAPI;
				PRODUCT_NAME = EventusAPI;
				SKIP_INSTALL = YES;
				SWIFT_VERSION = 5.0;
				TARGETED_DEVICE_FAMILY = "1,2";
			};
			name = Release;
		};
		4A45D5B32441771100CF4E1B /* Debug */ = {
			isa = XCBuildConfiguration;
			buildSettings = {
				ALWAYS_EMBED_SWIFT_STANDARD_LIBRARIES = YES;
				CODE_SIGN_STYLE = Automatic;
				DEVELOPMENT_TEAM = N67G6688LK;
				INFOPLIST_FILE = "Integration Tests/Info.plist";
				LD_RUNPATH_SEARCH_PATHS = (
					"$(inherited)",
					"@executable_path/Frameworks",
					"@loader_path/Frameworks",
				);
				PRODUCT_BUNDLE_IDENTIFIER = "de.simonsserver.EventusAPI-SwiftTests";
				PRODUCT_NAME = "$(TARGET_NAME)";
				SWIFT_VERSION = 5.0;
				TARGETED_DEVICE_FAMILY = "1,2";
			};
			name = Debug;
		};
		4A45D5B42441771100CF4E1B /* Release */ = {
			isa = XCBuildConfiguration;
			buildSettings = {
				ALWAYS_EMBED_SWIFT_STANDARD_LIBRARIES = YES;
				CODE_SIGN_STYLE = Automatic;
				DEVELOPMENT_TEAM = N67G6688LK;
				INFOPLIST_FILE = "Integration Tests/Info.plist";
				LD_RUNPATH_SEARCH_PATHS = (
					"$(inherited)",
					"@executable_path/Frameworks",
					"@loader_path/Frameworks",
				);
				PRODUCT_BUNDLE_IDENTIFIER = "de.simonsserver.EventusAPI-SwiftTests";
				PRODUCT_NAME = "$(TARGET_NAME)";
				SWIFT_VERSION = 5.0;
				TARGETED_DEVICE_FAMILY = "1,2";
			};
			name = Release;
		};
		4AC7401F245D1FF900679E39 /* Debug */ = {
			isa = XCBuildConfiguration;
			buildSettings = {
				CODE_SIGN_STYLE = Automatic;
				DEVELOPMENT_TEAM = N67G6688LK;
				PRODUCT_NAME = "$(TARGET_NAME)";
			};
			name = Debug;
		};
		4AC74020245D1FF900679E39 /* Release */ = {
			isa = XCBuildConfiguration;
			buildSettings = {
				CODE_SIGN_STYLE = Automatic;
				DEVELOPMENT_TEAM = N67G6688LK;
				PRODUCT_NAME = "$(TARGET_NAME)";
			};
			name = Release;
		};
		4AC74037245D9FA400679E39 /* Debug */ = {
			isa = XCBuildConfiguration;
			buildSettings = {
				CODE_SIGN_STYLE = Automatic;
				COMBINE_HIDPI_IMAGES = YES;
				DEFINES_MODULE = YES;
				DEVELOPMENT_TEAM = N67G6688LK;
				DYLIB_COMPATIBILITY_VERSION = 1;
				DYLIB_CURRENT_VERSION = 1;
				DYLIB_INSTALL_NAME_BASE = "@rpath";
				INFOPLIST_FILE = EventusAPI/Info.plist;
				INSTALL_PATH = "$(LOCAL_LIBRARY_DIR)/Frameworks";
				LD_RUNPATH_SEARCH_PATHS = (
					"$(inherited)",
					"@executable_path/../Frameworks",
					"@loader_path/Frameworks",
				);
				MACOSX_DEPLOYMENT_TARGET = 10.10;
				MARKETING_VERSION = 0.1;
				PRODUCT_BUNDLE_IDENTIFIER = de.simonsserver.EventusAPI;
				PRODUCT_NAME = EventusAPI;
				SDKROOT = macosx;
				SKIP_INSTALL = YES;
				SWIFT_VERSION = 5.0;
			};
			name = Debug;
		};
		4AC74038245D9FA400679E39 /* Release */ = {
			isa = XCBuildConfiguration;
			buildSettings = {
				CODE_SIGN_STYLE = Automatic;
				COMBINE_HIDPI_IMAGES = YES;
				DEFINES_MODULE = YES;
				DEVELOPMENT_TEAM = N67G6688LK;
				DYLIB_COMPATIBILITY_VERSION = 1;
				DYLIB_CURRENT_VERSION = 1;
				DYLIB_INSTALL_NAME_BASE = "@rpath";
				INFOPLIST_FILE = EventusAPI/Info.plist;
				INSTALL_PATH = "$(LOCAL_LIBRARY_DIR)/Frameworks";
				LD_RUNPATH_SEARCH_PATHS = (
					"$(inherited)",
					"@executable_path/../Frameworks",
					"@loader_path/Frameworks",
				);
				MACOSX_DEPLOYMENT_TARGET = 10.10;
				MARKETING_VERSION = 0.1;
				PRODUCT_BUNDLE_IDENTIFIER = de.simonsserver.EventusAPI;
				PRODUCT_NAME = EventusAPI;
				SDKROOT = macosx;
				SKIP_INSTALL = YES;
				SWIFT_VERSION = 5.0;
			};
			name = Release;
		};
/* End XCBuildConfiguration section */

/* Begin XCConfigurationList section */
		4A341EF12461F87400CF84E5 /* Build configuration list for PBXNativeTarget "EventusAPI macOS Tests" */ = {
			isa = XCConfigurationList;
			buildConfigurations = (
				4A341EF22461F87400CF84E5 /* Debug */,
				4A341EF32461F87400CF84E5 /* Release */,
			);
			defaultConfigurationIsVisible = 0;
			defaultConfigurationName = Release;
		};
		4A45D5952441771100CF4E1B /* Build configuration list for PBXProject "EventusAPI" */ = {
			isa = XCConfigurationList;
			buildConfigurations = (
				4A45D5AD2441771100CF4E1B /* Debug */,
				4A45D5AE2441771100CF4E1B /* Release */,
			);
			defaultConfigurationIsVisible = 0;
			defaultConfigurationName = Release;
		};
		4A45D5AF2441771100CF4E1B /* Build configuration list for PBXNativeTarget "EventusAPI iOS" */ = {
			isa = XCConfigurationList;
			buildConfigurations = (
				4A45D5B02441771100CF4E1B /* Debug */,
				4A45D5B12441771100CF4E1B /* Release */,
			);
			defaultConfigurationIsVisible = 0;
			defaultConfigurationName = Release;
		};
		4A45D5B22441771100CF4E1B /* Build configuration list for PBXNativeTarget "EventusAPI iOS Tests" */ = {
			isa = XCConfigurationList;
			buildConfigurations = (
				4A45D5B32441771100CF4E1B /* Debug */,
				4A45D5B42441771100CF4E1B /* Release */,
			);
			defaultConfigurationIsVisible = 0;
			defaultConfigurationName = Release;
		};
		4AC7401E245D1FF900679E39 /* Build configuration list for PBXAggregateTarget "Documentation" */ = {
			isa = XCConfigurationList;
			buildConfigurations = (
				4AC7401F245D1FF900679E39 /* Debug */,
				4AC74020245D1FF900679E39 /* Release */,
			);
			defaultConfigurationIsVisible = 0;
			defaultConfigurationName = Release;
		};
		4AC74036245D9FA400679E39 /* Build configuration list for PBXNativeTarget "EventusAPI macOS" */ = {
			isa = XCConfigurationList;
			buildConfigurations = (
				4AC74037245D9FA400679E39 /* Debug */,
				4AC74038245D9FA400679E39 /* Release */,
			);
			defaultConfigurationIsVisible = 0;
			defaultConfigurationName = Release;
		};
/* End XCConfigurationList section */
	};
	rootObject = 4A45D5922441771100CF4E1B /* Project object */;
}
