// !$*UTF8*$!
{
	archiveVersion = 1;
	classes = {
	};
	objectVersion = 54;
	objects = {

/* Begin PBXAggregateTarget section */
		4AC7401D245D1FF900679E39 /* Documentation */ = {
			isa = PBXAggregateTarget;
			buildConfigurationList = 4AC7401E245D1FF900679E39 /* Build configuration list for PBXAggregateTarget "Documentation" */;
			buildPhases = (
				4AC74023245D200900679E39 /* Build Documentation */,
			);
			dependencies = (
			);
			name = Documentation;
			productName = Documentation;
		};
/* End PBXAggregateTarget section */

/* Begin PBXBuildFile section */
		4A2ADDAA261E9F4C005B58C8 /* ContentView.swift in Sources */ = {isa = PBXBuildFile; fileRef = 4A2ADDA9261E9F4C005B58C8 /* ContentView.swift */; };
		4A2ADDD8261E9FF3005B58C8 /* Preview Assets.xcassets in Resources */ = {isa = PBXBuildFile; fileRef = 4A2ADDD7261E9FF3005B58C8 /* Preview Assets.xcassets */; };
		4A2ADDDC261EA000005B58C8 /* BundleModuleFix.swift in Sources */ = {isa = PBXBuildFile; fileRef = 4A2ADD29261E8981005B58C8 /* BundleModuleFix.swift */; };
		4A2ADDE1261EA029005B58C8 /* FestivalsAPIApp.swift in Sources */ = {isa = PBXBuildFile; fileRef = 4A2ADDE0261EA029005B58C8 /* FestivalsAPIApp.swift */; };
		4A2ADDE8261EA105005B58C8 /* Webservice.swift in Sources */ = {isa = PBXBuildFile; fileRef = 4A45D5B824417D9800CF4E1B /* Webservice.swift */; };
		4A2ADDE9261EA105005B58C8 /* ArtistHandler.swift in Sources */ = {isa = PBXBuildFile; fileRef = 4A397653244A8FB7006C934C /* ArtistHandler.swift */; };
		4A2ADDEA261EA105005B58C8 /* LinkHandler.swift in Sources */ = {isa = PBXBuildFile; fileRef = 4A39765D244A95E7006C934C /* LinkHandler.swift */; };
		4A2ADDEB261EA105005B58C8 /* PlaceHandler.swift in Sources */ = {isa = PBXBuildFile; fileRef = 4A39765B244A953A006C934C /* PlaceHandler.swift */; };
		4A2ADDEC261EA105005B58C8 /* TagHandler.swift in Sources */ = {isa = PBXBuildFile; fileRef = 4A397659244A949C006C934C /* TagHandler.swift */; };
		4A2ADDED261EA105005B58C8 /* FestivalHandler.swift in Sources */ = {isa = PBXBuildFile; fileRef = 4A45D5DE2448513100CF4E1B /* FestivalHandler.swift */; };
		4A2ADDEE261EA105005B58C8 /* ImageRefHandler.swift in Sources */ = {isa = PBXBuildFile; fileRef = 4A39765F244A9620006C934C /* ImageRefHandler.swift */; };
		4A2ADDEF261EA105005B58C8 /* EventHandler.swift in Sources */ = {isa = PBXBuildFile; fileRef = 4A397657244A9350006C934C /* EventHandler.swift */; };
		4A2ADDF0261EA105005B58C8 /* FestivalsClient.swift in Sources */ = {isa = PBXBuildFile; fileRef = 4A397661244A96CB006C934C /* FestivalsClient.swift */; };
		4A2ADDF1261EA105005B58C8 /* LocationHandler.swift in Sources */ = {isa = PBXBuildFile; fileRef = 4A397655244A921E006C934C /* LocationHandler.swift */; };
		4A2ADE11261EA2BB005B58C8 /* Assets.xcassets in Resources */ = {isa = PBXBuildFile; fileRef = 4A2ADE0F261EA2BB005B58C8 /* Assets.xcassets */; };
		4A2ADE18261EA2FB005B58C8 /* FestivalHandlerTests.swift in Sources */ = {isa = PBXBuildFile; fileRef = 4A2ADD7C261E9DB1005B58C8 /* FestivalHandlerTests.swift */; };
		4A2ADE19261EA2FB005B58C8 /* WebserviceTests.swift in Sources */ = {isa = PBXBuildFile; fileRef = 4A2ADD7D261E9DB1005B58C8 /* WebserviceTests.swift */; };
		4A2ADE1A261EA2FB005B58C8 /* TagHandlerTests.swift in Sources */ = {isa = PBXBuildFile; fileRef = 4A2ADD76261E9DB1005B58C8 /* TagHandlerTests.swift */; };
		4A2ADE1B261EA2FB005B58C8 /* ArtistHandlerTests.swift in Sources */ = {isa = PBXBuildFile; fileRef = 4A2ADD7A261E9DB1005B58C8 /* ArtistHandlerTests.swift */; };
		4A2ADE1C261EA2FB005B58C8 /* LinkHandlerTests.swift in Sources */ = {isa = PBXBuildFile; fileRef = 4A2ADD7B261E9DB1005B58C8 /* LinkHandlerTests.swift */; };
		4A2ADE1D261EA2FB005B58C8 /* ImageRefHandlerTests.swift in Sources */ = {isa = PBXBuildFile; fileRef = 4A2ADD77261E9DB1005B58C8 /* ImageRefHandlerTests.swift */; };
		4A2ADE1E261EA2FB005B58C8 /* EventHandlerTests.swift in Sources */ = {isa = PBXBuildFile; fileRef = 4A2ADD78261E9DB1005B58C8 /* EventHandlerTests.swift */; };
		4A2ADE1F261EA2FB005B58C8 /* LocationHandlerTests.swift in Sources */ = {isa = PBXBuildFile; fileRef = 4A2ADD79261E9DB1005B58C8 /* LocationHandlerTests.swift */; };
		4A2ADE20261EA2FB005B58C8 /* PlaceHandlerTests.swift in Sources */ = {isa = PBXBuildFile; fileRef = 4A2ADD7F261E9DB1005B58C8 /* PlaceHandlerTests.swift */; };
		4A2ADE52261EB06F005B58C8 /* Localizable.strings in Resources */ = {isa = PBXBuildFile; fileRef = 4A2ADE4F261EB06E005B58C8 /* Localizable.strings */; };
		4A30FC9A285FB43C00A1DD86 /* RequestCache.swift in Sources */ = {isa = PBXBuildFile; fileRef = 4A30FC99285FB43C00A1DD86 /* RequestCache.swift */; };
		4AFA2BFF2B558F920050328E /* ClientAuth.swift in Sources */ = {isa = PBXBuildFile; fileRef = 4AFA2BFE2B558F920050328E /* ClientAuth.swift */; };
		4AFA2C022B5591C60050328E /* ca.der in Resources */ = {isa = PBXBuildFile; fileRef = 4AFA2C002B5591C60050328E /* ca.der */; };
		4AFA2C032B5591C60050328E /* api-client.p12 in Resources */ = {isa = PBXBuildFile; fileRef = 4AFA2C012B5591C60050328E /* api-client.p12 */; };
/* End PBXBuildFile section */

/* Begin PBXContainerItemProxy section */
		4A2ADDC1261E9F63005B58C8 /* PBXContainerItemProxy */ = {
			isa = PBXContainerItemProxy;
			containerPortal = 4A45D5922441771100CF4E1B /* Project object */;
			proxyType = 1;
			remoteGlobalIDString = 4A2ADDA4261E9F4B005B58C8;
			remoteInfo = FestivalsAPI;
		};
/* End PBXContainerItemProxy section */

/* Begin PBXFileReference section */
		4A1CFF30246254200082AF96 /* Package.swift */ = {isa = PBXFileReference; lastKnownFileType = sourcecode.swift; path = Package.swift; sourceTree = "<group>"; };
		4A2ADD29261E8981005B58C8 /* BundleModuleFix.swift */ = {isa = PBXFileReference; lastKnownFileType = sourcecode.swift; path = BundleModuleFix.swift; sourceTree = "<group>"; };
		4A2ADD3C261E8B4A005B58C8 /* .bartycrouch.toml */ = {isa = PBXFileReference; lastKnownFileType = text; path = .bartycrouch.toml; sourceTree = "<group>"; };
		4A2ADD76261E9DB1005B58C8 /* TagHandlerTests.swift */ = {isa = PBXFileReference; fileEncoding = 4; lastKnownFileType = sourcecode.swift; path = TagHandlerTests.swift; sourceTree = "<group>"; };
		4A2ADD77261E9DB1005B58C8 /* ImageRefHandlerTests.swift */ = {isa = PBXFileReference; fileEncoding = 4; lastKnownFileType = sourcecode.swift; path = ImageRefHandlerTests.swift; sourceTree = "<group>"; };
		4A2ADD78261E9DB1005B58C8 /* EventHandlerTests.swift */ = {isa = PBXFileReference; fileEncoding = 4; lastKnownFileType = sourcecode.swift; path = EventHandlerTests.swift; sourceTree = "<group>"; };
		4A2ADD79261E9DB1005B58C8 /* LocationHandlerTests.swift */ = {isa = PBXFileReference; fileEncoding = 4; lastKnownFileType = sourcecode.swift; path = LocationHandlerTests.swift; sourceTree = "<group>"; };
		4A2ADD7A261E9DB1005B58C8 /* ArtistHandlerTests.swift */ = {isa = PBXFileReference; fileEncoding = 4; lastKnownFileType = sourcecode.swift; path = ArtistHandlerTests.swift; sourceTree = "<group>"; };
		4A2ADD7B261E9DB1005B58C8 /* LinkHandlerTests.swift */ = {isa = PBXFileReference; fileEncoding = 4; lastKnownFileType = sourcecode.swift; path = LinkHandlerTests.swift; sourceTree = "<group>"; };
		4A2ADD7C261E9DB1005B58C8 /* FestivalHandlerTests.swift */ = {isa = PBXFileReference; fileEncoding = 4; lastKnownFileType = sourcecode.swift; path = FestivalHandlerTests.swift; sourceTree = "<group>"; };
		4A2ADD7D261E9DB1005B58C8 /* WebserviceTests.swift */ = {isa = PBXFileReference; fileEncoding = 4; lastKnownFileType = sourcecode.swift; path = WebserviceTests.swift; sourceTree = "<group>"; };
		4A2ADD7F261E9DB1005B58C8 /* PlaceHandlerTests.swift */ = {isa = PBXFileReference; fileEncoding = 4; lastKnownFileType = sourcecode.swift; path = PlaceHandlerTests.swift; sourceTree = "<group>"; };
		4A2ADDA5261E9F4B005B58C8 /* FestivalsAPI.app */ = {isa = PBXFileReference; explicitFileType = wrapper.application; includeInIndex = 0; path = FestivalsAPI.app; sourceTree = BUILT_PRODUCTS_DIR; };
		4A2ADDA9261E9F4C005B58C8 /* ContentView.swift */ = {isa = PBXFileReference; lastKnownFileType = sourcecode.swift; path = ContentView.swift; sourceTree = "<group>"; };
		4A2ADDBC261E9F63005B58C8 /* FestivalsAPITests.xctest */ = {isa = PBXFileReference; explicitFileType = wrapper.cfbundle; includeInIndex = 0; path = FestivalsAPITests.xctest; sourceTree = BUILT_PRODUCTS_DIR; };
		4A2ADDD7261E9FF3005B58C8 /* Preview Assets.xcassets */ = {isa = PBXFileReference; lastKnownFileType = folder.assetcatalog; path = "Preview Assets.xcassets"; sourceTree = "<group>"; };
		4A2ADDE0261EA029005B58C8 /* FestivalsAPIApp.swift */ = {isa = PBXFileReference; lastKnownFileType = sourcecode.swift; path = FestivalsAPIApp.swift; sourceTree = "<group>"; };
		4A2ADE0E261EA2BB005B58C8 /* Info.plist */ = {isa = PBXFileReference; fileEncoding = 4; lastKnownFileType = text.plist.xml; path = Info.plist; sourceTree = "<group>"; };
		4A2ADE0F261EA2BB005B58C8 /* Assets.xcassets */ = {isa = PBXFileReference; lastKnownFileType = folder.assetcatalog; path = Assets.xcassets; sourceTree = "<group>"; };
		4A2ADE2B261EA48D005B58C8 /* Info.plist */ = {isa = PBXFileReference; lastKnownFileType = text.plist.xml; path = Info.plist; sourceTree = "<group>"; };
		4A2ADE50261EB06F005B58C8 /* de */ = {isa = PBXFileReference; lastKnownFileType = text.plist.strings; name = de; path = de.lproj/Localizable.strings; sourceTree = "<group>"; };
		4A2ADE51261EB06F005B58C8 /* en */ = {isa = PBXFileReference; lastKnownFileType = text.plist.strings; name = en; path = en.lproj/Localizable.strings; sourceTree = "<group>"; };
		4A30FC99285FB43C00A1DD86 /* RequestCache.swift */ = {isa = PBXFileReference; lastKnownFileType = sourcecode.swift; path = RequestCache.swift; sourceTree = "<group>"; };
		4A397653244A8FB7006C934C /* ArtistHandler.swift */ = {isa = PBXFileReference; lastKnownFileType = sourcecode.swift; path = ArtistHandler.swift; sourceTree = "<group>"; };
		4A397655244A921E006C934C /* LocationHandler.swift */ = {isa = PBXFileReference; lastKnownFileType = sourcecode.swift; path = LocationHandler.swift; sourceTree = "<group>"; };
		4A397657244A9350006C934C /* EventHandler.swift */ = {isa = PBXFileReference; lastKnownFileType = sourcecode.swift; path = EventHandler.swift; sourceTree = "<group>"; };
		4A397659244A949C006C934C /* TagHandler.swift */ = {isa = PBXFileReference; lastKnownFileType = sourcecode.swift; path = TagHandler.swift; sourceTree = "<group>"; };
		4A39765B244A953A006C934C /* PlaceHandler.swift */ = {isa = PBXFileReference; lastKnownFileType = sourcecode.swift; path = PlaceHandler.swift; sourceTree = "<group>"; };
		4A39765D244A95E7006C934C /* LinkHandler.swift */ = {isa = PBXFileReference; lastKnownFileType = sourcecode.swift; path = LinkHandler.swift; sourceTree = "<group>"; };
		4A39765F244A9620006C934C /* ImageRefHandler.swift */ = {isa = PBXFileReference; lastKnownFileType = sourcecode.swift; path = ImageRefHandler.swift; sourceTree = "<group>"; };
		4A397661244A96CB006C934C /* FestivalsClient.swift */ = {isa = PBXFileReference; lastKnownFileType = sourcecode.swift; path = FestivalsClient.swift; sourceTree = "<group>"; };
		4A45D5B824417D9800CF4E1B /* Webservice.swift */ = {isa = PBXFileReference; lastKnownFileType = sourcecode.swift; path = Webservice.swift; sourceTree = "<group>"; };
		4A45D5DE2448513100CF4E1B /* FestivalHandler.swift */ = {isa = PBXFileReference; lastKnownFileType = sourcecode.swift; path = FestivalHandler.swift; sourceTree = "<group>"; };
		4AC5145D2535153E00F24354 /* LICENSE */ = {isa = PBXFileReference; lastKnownFileType = text; path = LICENSE; sourceTree = "<group>"; };
		4AC530A7274DC2FB008B803A /* ARCHITECTURE.md */ = {isa = PBXFileReference; lastKnownFileType = net.daringfireball.markdown; path = ARCHITECTURE.md; sourceTree = "<group>"; };
		4AC74024245D20A300679E39 /* .jazzy.yaml */ = {isa = PBXFileReference; lastKnownFileType = text.yaml; path = .jazzy.yaml; sourceTree = "<group>"; };
		4AC74026245D255D00679E39 /* .gitignore */ = {isa = PBXFileReference; lastKnownFileType = text; path = .gitignore; sourceTree = "<group>"; };
		4AC74028245D258800679E39 /* README.md */ = {isa = PBXFileReference; lastKnownFileType = net.daringfireball.markdown; path = README.md; sourceTree = "<group>"; };
		4AFA2BFE2B558F920050328E /* ClientAuth.swift */ = {isa = PBXFileReference; lastKnownFileType = sourcecode.swift; path = ClientAuth.swift; sourceTree = "<group>"; };
		4AFA2C002B5591C60050328E /* ca.der */ = {isa = PBXFileReference; lastKnownFileType = file; path = ca.der; sourceTree = "<group>"; };
		4AFA2C012B5591C60050328E /* api-client.p12 */ = {isa = PBXFileReference; lastKnownFileType = file; path = "api-client.p12"; sourceTree = "<group>"; };
/* End PBXFileReference section */

/* Begin PBXFrameworksBuildPhase section */
		4A2ADDA2261E9F4B005B58C8 /* Frameworks */ = {
			isa = PBXFrameworksBuildPhase;
			buildActionMask = 2147483647;
			files = (
			);
			runOnlyForDeploymentPostprocessing = 0;
		};
		4A2ADDB9261E9F63005B58C8 /* Frameworks */ = {
			isa = PBXFrameworksBuildPhase;
			buildActionMask = 2147483647;
			files = (
			);
			runOnlyForDeploymentPostprocessing = 0;
		};
/* End PBXFrameworksBuildPhase section */

/* Begin PBXGroup section */
		4A1CFF2E246251C40082AF96 /* FestivalsAPI */ = {
			isa = PBXGroup;
			children = (
				4A397661244A96CB006C934C /* FestivalsClient.swift */,
				4A45D5B824417D9800CF4E1B /* Webservice.swift */,
				4A30FC99285FB43C00A1DD86 /* RequestCache.swift */,
				4AFA2BFE2B558F920050328E /* ClientAuth.swift */,
				4A397652244A8F9A006C934C /* Handler */,
				4A2ADE4E261EB06E005B58C8 /* Resources */,
			);
			path = FestivalsAPI;
			sourceTree = "<group>";
		};
		4A2ADD75261E9DB1005B58C8 /* FestivalsAPITests */ = {
			isa = PBXGroup;
			children = (
				4A2ADD76261E9DB1005B58C8 /* TagHandlerTests.swift */,
				4A2ADD77261E9DB1005B58C8 /* ImageRefHandlerTests.swift */,
				4A2ADD78261E9DB1005B58C8 /* EventHandlerTests.swift */,
				4A2ADD79261E9DB1005B58C8 /* LocationHandlerTests.swift */,
				4A2ADD7A261E9DB1005B58C8 /* ArtistHandlerTests.swift */,
				4A2ADD7B261E9DB1005B58C8 /* LinkHandlerTests.swift */,
				4A2ADD7C261E9DB1005B58C8 /* FestivalHandlerTests.swift */,
				4A2ADD7D261E9DB1005B58C8 /* WebserviceTests.swift */,
				4A2ADD7F261E9DB1005B58C8 /* PlaceHandlerTests.swift */,
			);
			path = FestivalsAPITests;
			sourceTree = "<group>";
		};
		4A2ADD98261E9ED7005B58C8 /* ExampleApp */ = {
			isa = PBXGroup;
			children = (
				4A2ADDE0261EA029005B58C8 /* FestivalsAPIApp.swift */,
				4A2ADDA9261E9F4C005B58C8 /* ContentView.swift */,
				4A2ADE0F261EA2BB005B58C8 /* Assets.xcassets */,
				4A2ADE0E261EA2BB005B58C8 /* Info.plist */,
				4A2ADDD6261E9FE3005B58C8 /* Preview Content */,
			);
			path = ExampleApp;
			sourceTree = "<group>";
		};
		4A2ADDD6261E9FE3005B58C8 /* Preview Content */ = {
			isa = PBXGroup;
			children = (
				4A2ADDD7261E9FF3005B58C8 /* Preview Assets.xcassets */,
				4A2ADD29261E8981005B58C8 /* BundleModuleFix.swift */,
			);
			path = "Preview Content";
			sourceTree = "<group>";
		};
		4A2ADE4E261EB06E005B58C8 /* Resources */ = {
			isa = PBXGroup;
			children = (
				4A2ADE4F261EB06E005B58C8 /* Localizable.strings */,
			);
			path = Resources;
			sourceTree = "<group>";
		};
		4A397652244A8F9A006C934C /* Handler */ = {
			isa = PBXGroup;
			children = (
				4A45D5DE2448513100CF4E1B /* FestivalHandler.swift */,
				4A397657244A9350006C934C /* EventHandler.swift */,
				4A397653244A8FB7006C934C /* ArtistHandler.swift */,
				4A397655244A921E006C934C /* LocationHandler.swift */,
				4A39765F244A9620006C934C /* ImageRefHandler.swift */,
				4A39765D244A95E7006C934C /* LinkHandler.swift */,
				4A39765B244A953A006C934C /* PlaceHandler.swift */,
				4A397659244A949C006C934C /* TagHandler.swift */,
			);
			path = Handler;
			sourceTree = "<group>";
		};
		4A45D5912441771100CF4E1B = {
			isa = PBXGroup;
			children = (
				4AC74028245D258800679E39 /* README.md */,
				4A1CFF30246254200082AF96 /* Package.swift */,
				4A2ADD98261E9ED7005B58C8 /* ExampleApp */,
				4A45D59D2441771100CF4E1B /* Sources */,
				4A45D5A82441771100CF4E1B /* Tests */,
				4A45D59C2441771100CF4E1B /* Products */,
				4AC530A7274DC2FB008B803A /* ARCHITECTURE.md */,
				4AC5145D2535153E00F24354 /* LICENSE */,
				4AC74024245D20A300679E39 /* .jazzy.yaml */,
				4A2ADD3C261E8B4A005B58C8 /* .bartycrouch.toml */,
				4AC74026245D255D00679E39 /* .gitignore */,
			);
			sourceTree = "<group>";
		};
		4A45D59C2441771100CF4E1B /* Products */ = {
			isa = PBXGroup;
			children = (
				4A2ADDA5261E9F4B005B58C8 /* FestivalsAPI.app */,
				4A2ADDBC261E9F63005B58C8 /* FestivalsAPITests.xctest */,
			);
			name = Products;
			sourceTree = "<group>";
		};
		4A45D59D2441771100CF4E1B /* Sources */ = {
			isa = PBXGroup;
			children = (
				4A1CFF2E246251C40082AF96 /* FestivalsAPI */,
			);
			path = Sources;
			sourceTree = "<group>";
		};
		4A45D5A82441771100CF4E1B /* Tests */ = {
			isa = PBXGroup;
			children = (
				4A2ADE2B261EA48D005B58C8 /* Info.plist */,
				4AFA2C012B5591C60050328E /* api-client.p12 */,
				4AFA2C002B5591C60050328E /* ca.der */,
				4A2ADD75261E9DB1005B58C8 /* FestivalsAPITests */,
			);
			path = Tests;
			sourceTree = "<group>";
		};
/* End PBXGroup section */

/* Begin PBXNativeTarget section */
		4A2ADDA4261E9F4B005B58C8 /* FestivalsAPI */ = {
			isa = PBXNativeTarget;
			buildConfigurationList = 4A2ADDB1261E9F4E005B58C8 /* Build configuration list for PBXNativeTarget "FestivalsAPI" */;
			buildPhases = (
				4A2ADE6C261EBAF1005B58C8 /* Update localized resources */,
				4A2ADDA1261E9F4B005B58C8 /* Sources */,
				4A2ADDA2261E9F4B005B58C8 /* Frameworks */,
				4A2ADDA3261E9F4B005B58C8 /* Resources */,
			);
			buildRules = (
			);
			dependencies = (
			);
			name = FestivalsAPI;
			productName = FestivalsAPI;
			productReference = 4A2ADDA5261E9F4B005B58C8 /* FestivalsAPI.app */;
			productType = "com.apple.product-type.application";
		};
		4A2ADDBB261E9F63005B58C8 /* FestivalsAPITests */ = {
			isa = PBXNativeTarget;
			buildConfigurationList = 4A2ADDC3261E9F63005B58C8 /* Build configuration list for PBXNativeTarget "FestivalsAPITests" */;
			buildPhases = (
				4A2ADDB8261E9F63005B58C8 /* Sources */,
				4A2ADDB9261E9F63005B58C8 /* Frameworks */,
				4A2ADDBA261E9F63005B58C8 /* Resources */,
			);
			buildRules = (
			);
			dependencies = (
				4A2ADDC2261E9F63005B58C8 /* PBXTargetDependency */,
			);
			name = FestivalsAPITests;
			productName = FestivalsAPITests;
			productReference = 4A2ADDBC261E9F63005B58C8 /* FestivalsAPITests.xctest */;
			productType = "com.apple.product-type.bundle.unit-test";
		};
/* End PBXNativeTarget section */

/* Begin PBXProject section */
		4A45D5922441771100CF4E1B /* Project object */ = {
			isa = PBXProject;
			attributes = {
				BuildIndependentTargetsInParallel = YES;
				LastSwiftUpdateCheck = 1240;
				LastUpgradeCheck = 1510;
				ORGANIZATIONNAME = "Simon Gaus";
				TargetAttributes = {
					4A2ADDA4261E9F4B005B58C8 = {
						CreatedOnToolsVersion = 12.4;
					};
					4A2ADDBB261E9F63005B58C8 = {
						CreatedOnToolsVersion = 12.4;
						TestTargetID = 4A2ADDA4261E9F4B005B58C8;
					};
					4AC7401D245D1FF900679E39 = {
						CreatedOnToolsVersion = 11.4.1;
					};
				};
			};
			buildConfigurationList = 4A45D5952441771100CF4E1B /* Build configuration list for PBXProject "FestivalsAPI" */;
			compatibilityVersion = "Xcode 9.3";
			developmentRegion = en;
			hasScannedForEncodings = 0;
			knownRegions = (
				en,
				Base,
				de,
			);
			mainGroup = 4A45D5912441771100CF4E1B;
			productRefGroup = 4A45D59C2441771100CF4E1B /* Products */;
			projectDirPath = "";
			projectRoot = "";
			targets = (
				4A2ADDA4261E9F4B005B58C8 /* FestivalsAPI */,
				4A2ADDBB261E9F63005B58C8 /* FestivalsAPITests */,
				4AC7401D245D1FF900679E39 /* Documentation */,
			);
		};
/* End PBXProject section */

/* Begin PBXResourcesBuildPhase section */
		4A2ADDA3261E9F4B005B58C8 /* Resources */ = {
			isa = PBXResourcesBuildPhase;
			buildActionMask = 2147483647;
			files = (
				4A2ADDD8261E9FF3005B58C8 /* Preview Assets.xcassets in Resources */,
				4A2ADE52261EB06F005B58C8 /* Localizable.strings in Resources */,
				4A2ADE11261EA2BB005B58C8 /* Assets.xcassets in Resources */,
			);
			runOnlyForDeploymentPostprocessing = 0;
		};
		4A2ADDBA261E9F63005B58C8 /* Resources */ = {
			isa = PBXResourcesBuildPhase;
			buildActionMask = 2147483647;
			files = (
				4AFA2C022B5591C60050328E /* ca.der in Resources */,
				4AFA2C032B5591C60050328E /* api-client.p12 in Resources */,
			);
			runOnlyForDeploymentPostprocessing = 0;
		};
/* End PBXResourcesBuildPhase section */

/* Begin PBXShellScriptBuildPhase section */
		4A2ADE6C261EBAF1005B58C8 /* Update localized resources */ = {
			isa = PBXShellScriptBuildPhase;
			alwaysOutOfDate = 1;
			buildActionMask = 2147483647;
			files = (
			);
			inputFileListPaths = (
			);
			inputPaths = (
			);
			name = "Update localized resources";
			outputFileListPaths = (
			);
			outputPaths = (
			);
			runOnlyForDeploymentPostprocessing = 0;
			shellPath = /bin/sh;
			shellScript = "# Adds support for Apple Silicon brew directory\nexport PATH=\"$PATH:/opt/homebrew/bin\"\n\nif which bartycrouch > /dev/null; then\n    bartycrouch update -x\n    bartycrouch lint -x\nelse\n    echo \"warning: BartyCrouch not installed, download it from https://github.com/Flinesoft/BartyCrouch\"\nfi\n";
		};
		4AC74023245D200900679E39 /* Build Documentation */ = {
			isa = PBXShellScriptBuildPhase;
			buildActionMask = 2147483647;
			files = (
			);
			inputFileListPaths = (
			);
			inputPaths = (
			);
			name = "Build Documentation";
			outputFileListPaths = (
			);
			outputPaths = (
			);
			runOnlyForDeploymentPostprocessing = 0;
			shellPath = /bin/sh;
			shellScript = "#jazzy Xcode script\nif which jazzy > /dev/null; then\n\njazzy \\\n--theme apple \\\n--min-acl internal\n\nelse\necho \"warning: jazzy not installed, download it from https://github.com/realm/jazzy\"\nfi\n";
		};
/* End PBXShellScriptBuildPhase section */

/* Begin PBXSourcesBuildPhase section */
		4A2ADDA1261E9F4B005B58C8 /* Sources */ = {
			isa = PBXSourcesBuildPhase;
			buildActionMask = 2147483647;
			files = (
				4A2ADDF0261EA105005B58C8 /* FestivalsClient.swift in Sources */,
				4A2ADDEC261EA105005B58C8 /* TagHandler.swift in Sources */,
				4A2ADDEF261EA105005B58C8 /* EventHandler.swift in Sources */,
				4A2ADDEB261EA105005B58C8 /* PlaceHandler.swift in Sources */,
				4A2ADDE1261EA029005B58C8 /* FestivalsAPIApp.swift in Sources */,
				4A2ADDF1261EA105005B58C8 /* LocationHandler.swift in Sources */,
				4AFA2BFF2B558F920050328E /* ClientAuth.swift in Sources */,
				4A30FC9A285FB43C00A1DD86 /* RequestCache.swift in Sources */,
				4A2ADDDC261EA000005B58C8 /* BundleModuleFix.swift in Sources */,
				4A2ADDAA261E9F4C005B58C8 /* ContentView.swift in Sources */,
				4A2ADDEA261EA105005B58C8 /* LinkHandler.swift in Sources */,
				4A2ADDED261EA105005B58C8 /* FestivalHandler.swift in Sources */,
				4A2ADDE9261EA105005B58C8 /* ArtistHandler.swift in Sources */,
				4A2ADDE8261EA105005B58C8 /* Webservice.swift in Sources */,
				4A2ADDEE261EA105005B58C8 /* ImageRefHandler.swift in Sources */,
			);
			runOnlyForDeploymentPostprocessing = 0;
		};
		4A2ADDB8261E9F63005B58C8 /* Sources */ = {
			isa = PBXSourcesBuildPhase;
			buildActionMask = 2147483647;
			files = (
				4A2ADE1A261EA2FB005B58C8 /* TagHandlerTests.swift in Sources */,
				4A2ADE19261EA2FB005B58C8 /* WebserviceTests.swift in Sources */,
				4A2ADE18261EA2FB005B58C8 /* FestivalHandlerTests.swift in Sources */,
				4A2ADE1C261EA2FB005B58C8 /* LinkHandlerTests.swift in Sources */,
				4A2ADE1D261EA2FB005B58C8 /* ImageRefHandlerTests.swift in Sources */,
				4A2ADE1B261EA2FB005B58C8 /* ArtistHandlerTests.swift in Sources */,
				4A2ADE1E261EA2FB005B58C8 /* EventHandlerTests.swift in Sources */,
				4A2ADE1F261EA2FB005B58C8 /* LocationHandlerTests.swift in Sources */,
				4A2ADE20261EA2FB005B58C8 /* PlaceHandlerTests.swift in Sources */,
			);
			runOnlyForDeploymentPostprocessing = 0;
		};
/* End PBXSourcesBuildPhase section */

/* Begin PBXTargetDependency section */
		4A2ADDC2261E9F63005B58C8 /* PBXTargetDependency */ = {
			isa = PBXTargetDependency;
			target = 4A2ADDA4261E9F4B005B58C8 /* FestivalsAPI */;
			targetProxy = 4A2ADDC1261E9F63005B58C8 /* PBXContainerItemProxy */;
		};
/* End PBXTargetDependency section */

/* Begin PBXVariantGroup section */
		4A2ADE4F261EB06E005B58C8 /* Localizable.strings */ = {
			isa = PBXVariantGroup;
			children = (
				4A2ADE50261EB06F005B58C8 /* de */,
				4A2ADE51261EB06F005B58C8 /* en */,
			);
			name = Localizable.strings;
			sourceTree = "<group>";
		};
/* End PBXVariantGroup section */

/* Begin XCBuildConfiguration section */
		4A2ADDB2261E9F4E005B58C8 /* Debug */ = {
			isa = XCBuildConfiguration;
			buildSettings = {
				ASSETCATALOG_COMPILER_APPICON_NAME = AppIcon;
				ASSETCATALOG_COMPILER_GLOBAL_ACCENT_COLOR_NAME = AccentColor;
				CODE_SIGN_ENTITLEMENTS = ExampleApp/FestivalsAPI.entitlements;
				CODE_SIGN_IDENTITY = "Apple Development";
				"CODE_SIGN_IDENTITY[sdk=macosx*]" = "Apple Development";
				CODE_SIGN_STYLE = Automatic;
				DEVELOPMENT_ASSET_PATHS = "\"ExampleApp/Preview Content\"";
				DEVELOPMENT_TEAM = N67G6688LK;
				ENABLE_PREVIEWS = YES;
				INFOPLIST_FILE = ExampleApp/Info.plist;
				IPHONEOS_DEPLOYMENT_TARGET = 15.0;
				LD_RUNPATH_SEARCH_PATHS = (
					"$(inherited)",
					"@executable_path/Frameworks",
				);
				PRODUCT_BUNDLE_IDENTIFIER = de.simonsserver.FestivalsAPI;
				PRODUCT_NAME = "$(TARGET_NAME)";
				PROVISIONING_PROFILE_SPECIFIER = "";
				"PROVISIONING_PROFILE_SPECIFIER[sdk=macosx*]" = "";
				SUPPORTS_MACCATALYST = YES;
				SWIFT_VERSION = 5.0;
				TARGETED_DEVICE_FAMILY = "1,2";
			};
			name = Debug;
		};
		4A2ADDB3261E9F4E005B58C8 /* Release */ = {
			isa = XCBuildConfiguration;
			buildSettings = {
				ASSETCATALOG_COMPILER_APPICON_NAME = AppIcon;
				ASSETCATALOG_COMPILER_GLOBAL_ACCENT_COLOR_NAME = AccentColor;
				CODE_SIGN_ENTITLEMENTS = ExampleApp/FestivalsAPI.entitlements;
				CODE_SIGN_IDENTITY = "Apple Development";
				"CODE_SIGN_IDENTITY[sdk=macosx*]" = "Apple Development";
				CODE_SIGN_STYLE = Automatic;
				DEVELOPMENT_ASSET_PATHS = "\"ExampleApp/Preview Content\"";
				DEVELOPMENT_TEAM = N67G6688LK;
				ENABLE_PREVIEWS = YES;
				INFOPLIST_FILE = ExampleApp/Info.plist;
				IPHONEOS_DEPLOYMENT_TARGET = 15.0;
				LD_RUNPATH_SEARCH_PATHS = (
					"$(inherited)",
					"@executable_path/Frameworks",
				);
				PRODUCT_BUNDLE_IDENTIFIER = de.simonsserver.FestivalsAPI;
				PRODUCT_NAME = "$(TARGET_NAME)";
				PROVISIONING_PROFILE_SPECIFIER = "";
				"PROVISIONING_PROFILE_SPECIFIER[sdk=macosx*]" = "";
				SUPPORTS_MACCATALYST = YES;
				SWIFT_VERSION = 5.0;
				TARGETED_DEVICE_FAMILY = "1,2";
			};
			name = Release;
		};
		4A2ADDC4261E9F63005B58C8 /* Debug */ = {
			isa = XCBuildConfiguration;
			buildSettings = {
				BUNDLE_LOADER = "$(TEST_HOST)";
				CODE_SIGN_STYLE = Automatic;
				DEVELOPMENT_TEAM = N67G6688LK;
				INFOPLIST_FILE = Tests/Info.plist;
				IPHONEOS_DEPLOYMENT_TARGET = 15.0;
				LD_RUNPATH_SEARCH_PATHS = (
					"$(inherited)",
					"@executable_path/Frameworks",
					"@loader_path/Frameworks",
				);
				PRODUCT_BUNDLE_IDENTIFIER = de.simonsserver.FestivalsAPITests;
				PRODUCT_NAME = "$(TARGET_NAME)";
				SWIFT_VERSION = 5.0;
				TARGETED_DEVICE_FAMILY = "1,2";
				TEST_HOST = "$(BUILT_PRODUCTS_DIR)/FestivalsAPI.app/FestivalsAPI";
			};
			name = Debug;
		};
		4A2ADDC5261E9F63005B58C8 /* Release */ = {
			isa = XCBuildConfiguration;
			buildSettings = {
				BUNDLE_LOADER = "$(TEST_HOST)";
				CODE_SIGN_STYLE = Automatic;
				DEVELOPMENT_TEAM = N67G6688LK;
				INFOPLIST_FILE = Tests/Info.plist;
				IPHONEOS_DEPLOYMENT_TARGET = 15.0;
				LD_RUNPATH_SEARCH_PATHS = (
					"$(inherited)",
					"@executable_path/Frameworks",
					"@loader_path/Frameworks",
				);
				PRODUCT_BUNDLE_IDENTIFIER = de.simonsserver.FestivalsAPITests;
				PRODUCT_NAME = "$(TARGET_NAME)";
				SWIFT_VERSION = 5.0;
				TARGETED_DEVICE_FAMILY = "1,2";
				TEST_HOST = "$(BUILT_PRODUCTS_DIR)/FestivalsAPI.app/FestivalsAPI";
			};
			name = Release;
		};
		4A45D5AD2441771100CF4E1B /* Debug */ = {
			isa = XCBuildConfiguration;
			buildSettings = {
				ALWAYS_SEARCH_USER_PATHS = NO;
				ASSETCATALOG_COMPILER_GENERATE_SWIFT_ASSET_SYMBOL_EXTENSIONS = YES;
				CLANG_ANALYZER_LOCALIZABILITY_NONLOCALIZED = YES;
				CLANG_ANALYZER_NONNULL = YES;
				CLANG_ANALYZER_NUMBER_OBJECT_CONVERSION = YES_AGGRESSIVE;
				CLANG_CXX_LANGUAGE_STANDARD = "gnu++14";
				CLANG_CXX_LIBRARY = "libc++";
				CLANG_ENABLE_MODULES = YES;
				CLANG_ENABLE_OBJC_ARC = YES;
				CLANG_ENABLE_OBJC_WEAK = YES;
				CLANG_WARN_BLOCK_CAPTURE_AUTORELEASING = YES;
				CLANG_WARN_BOOL_CONVERSION = YES;
				CLANG_WARN_COMMA = YES;
				CLANG_WARN_CONSTANT_CONVERSION = YES;
				CLANG_WARN_DEPRECATED_OBJC_IMPLEMENTATIONS = YES;
				CLANG_WARN_DIRECT_OBJC_ISA_USAGE = YES_ERROR;
				CLANG_WARN_DOCUMENTATION_COMMENTS = YES;
				CLANG_WARN_EMPTY_BODY = YES;
				CLANG_WARN_ENUM_CONVERSION = YES;
				CLANG_WARN_INFINITE_RECURSION = YES;
				CLANG_WARN_INT_CONVERSION = YES;
				CLANG_WARN_NON_LITERAL_NULL_CONVERSION = YES;
				CLANG_WARN_OBJC_IMPLICIT_RETAIN_SELF = YES;
				CLANG_WARN_OBJC_LITERAL_CONVERSION = YES;
				CLANG_WARN_OBJC_ROOT_CLASS = YES_ERROR;
				CLANG_WARN_QUOTED_INCLUDE_IN_FRAMEWORK_HEADER = YES;
				CLANG_WARN_RANGE_LOOP_ANALYSIS = YES;
				CLANG_WARN_STRICT_PROTOTYPES = YES;
				CLANG_WARN_SUSPICIOUS_MOVE = YES;
				CLANG_WARN_UNGUARDED_AVAILABILITY = YES_AGGRESSIVE;
				CLANG_WARN_UNREACHABLE_CODE = YES;
				CLANG_WARN__DUPLICATE_METHOD_MATCH = YES;
				COPY_PHASE_STRIP = NO;
				CURRENT_PROJECT_VERSION = 1;
				DEBUG_INFORMATION_FORMAT = dwarf;
				ENABLE_STRICT_OBJC_MSGSEND = YES;
				ENABLE_TESTABILITY = YES;
				GCC_C_LANGUAGE_STANDARD = gnu11;
				GCC_DYNAMIC_NO_PIC = NO;
				GCC_NO_COMMON_BLOCKS = YES;
				GCC_OPTIMIZATION_LEVEL = 0;
				GCC_PREPROCESSOR_DEFINITIONS = (
					"DEBUG=1",
					"$(inherited)",
				);
				GCC_WARN_64_TO_32_BIT_CONVERSION = YES;
				GCC_WARN_ABOUT_RETURN_TYPE = YES_ERROR;
				GCC_WARN_UNDECLARED_SELECTOR = YES;
				GCC_WARN_UNINITIALIZED_AUTOS = YES_AGGRESSIVE;
				GCC_WARN_UNUSED_FUNCTION = YES;
				GCC_WARN_UNUSED_VARIABLE = YES;
				IPHONEOS_DEPLOYMENT_TARGET = 15.6;
				MACOSX_DEPLOYMENT_TARGET = 10.15;
				MTL_ENABLE_DEBUG_INFO = INCLUDE_SOURCE;
				MTL_FAST_MATH = YES;
				ONLY_ACTIVE_ARCH = YES;
				SDKROOT = iphoneos;
				SWIFT_ACTIVE_COMPILATION_CONDITIONS = DEBUG;
				SWIFT_OPTIMIZATION_LEVEL = "-Onone";
				VERSIONING_SYSTEM = "apple-generic";
				VERSION_INFO_PREFIX = "";
			};
			name = Debug;
		};
		4A45D5AE2441771100CF4E1B /* Release */ = {
			isa = XCBuildConfiguration;
			buildSettings = {
				ALWAYS_SEARCH_USER_PATHS = NO;
				ASSETCATALOG_COMPILER_GENERATE_SWIFT_ASSET_SYMBOL_EXTENSIONS = YES;
				CLANG_ANALYZER_LOCALIZABILITY_NONLOCALIZED = YES;
				CLANG_ANALYZER_NONNULL = YES;
				CLANG_ANALYZER_NUMBER_OBJECT_CONVERSION = YES_AGGRESSIVE;
				CLANG_CXX_LANGUAGE_STANDARD = "gnu++14";
				CLANG_CXX_LIBRARY = "libc++";
				CLANG_ENABLE_MODULES = YES;
				CLANG_ENABLE_OBJC_ARC = YES;
				CLANG_ENABLE_OBJC_WEAK = YES;
				CLANG_WARN_BLOCK_CAPTURE_AUTORELEASING = YES;
				CLANG_WARN_BOOL_CONVERSION = YES;
				CLANG_WARN_COMMA = YES;
				CLANG_WARN_CONSTANT_CONVERSION = YES;
				CLANG_WARN_DEPRECATED_OBJC_IMPLEMENTATIONS = YES;
				CLANG_WARN_DIRECT_OBJC_ISA_USAGE = YES_ERROR;
				CLANG_WARN_DOCUMENTATION_COMMENTS = YES;
				CLANG_WARN_EMPTY_BODY = YES;
				CLANG_WARN_ENUM_CONVERSION = YES;
				CLANG_WARN_INFINITE_RECURSION = YES;
				CLANG_WARN_INT_CONVERSION = YES;
				CLANG_WARN_NON_LITERAL_NULL_CONVERSION = YES;
				CLANG_WARN_OBJC_IMPLICIT_RETAIN_SELF = YES;
				CLANG_WARN_OBJC_LITERAL_CONVERSION = YES;
				CLANG_WARN_OBJC_ROOT_CLASS = YES_ERROR;
				CLANG_WARN_QUOTED_INCLUDE_IN_FRAMEWORK_HEADER = YES;
				CLANG_WARN_RANGE_LOOP_ANALYSIS = YES;
				CLANG_WARN_STRICT_PROTOTYPES = YES;
				CLANG_WARN_SUSPICIOUS_MOVE = YES;
				CLANG_WARN_UNGUARDED_AVAILABILITY = YES_AGGRESSIVE;
				CLANG_WARN_UNREACHABLE_CODE = YES;
				CLANG_WARN__DUPLICATE_METHOD_MATCH = YES;
				COPY_PHASE_STRIP = NO;
				CURRENT_PROJECT_VERSION = 1;
				DEBUG_INFORMATION_FORMAT = "dwarf-with-dsym";
				ENABLE_NS_ASSERTIONS = NO;
				ENABLE_STRICT_OBJC_MSGSEND = YES;
				GCC_C_LANGUAGE_STANDARD = gnu11;
				GCC_NO_COMMON_BLOCKS = YES;
				GCC_WARN_64_TO_32_BIT_CONVERSION = YES;
				GCC_WARN_ABOUT_RETURN_TYPE = YES_ERROR;
				GCC_WARN_UNDECLARED_SELECTOR = YES;
				GCC_WARN_UNINITIALIZED_AUTOS = YES_AGGRESSIVE;
				GCC_WARN_UNUSED_FUNCTION = YES;
				GCC_WARN_UNUSED_VARIABLE = YES;
				IPHONEOS_DEPLOYMENT_TARGET = 15.6;
				MACOSX_DEPLOYMENT_TARGET = 10.15;
				MTL_ENABLE_DEBUG_INFO = NO;
				MTL_FAST_MATH = YES;
				SDKROOT = iphoneos;
				SWIFT_COMPILATION_MODE = wholemodule;
				SWIFT_OPTIMIZATION_LEVEL = "-O";
				VALIDATE_PRODUCT = YES;
				VERSIONING_SYSTEM = "apple-generic";
				VERSION_INFO_PREFIX = "";
			};
			name = Release;
		};
		4AC7401F245D1FF900679E39 /* Debug */ = {
			isa = XCBuildConfiguration;
			buildSettings = {
				CODE_SIGN_STYLE = Automatic;
				DEVELOPMENT_TEAM = N67G6688LK;
				PRODUCT_NAME = "$(TARGET_NAME)";
			};
			name = Debug;
		};
		4AC74020245D1FF900679E39 /* Release */ = {
			isa = XCBuildConfiguration;
			buildSettings = {
				CODE_SIGN_STYLE = Automatic;
				DEVELOPMENT_TEAM = N67G6688LK;
				PRODUCT_NAME = "$(TARGET_NAME)";
			};
			name = Release;
		};
/* End XCBuildConfiguration section */

/* Begin XCConfigurationList section */
		4A2ADDB1261E9F4E005B58C8 /* Build configuration list for PBXNativeTarget "FestivalsAPI" */ = {
			isa = XCConfigurationList;
			buildConfigurations = (
				4A2ADDB2261E9F4E005B58C8 /* Debug */,
				4A2ADDB3261E9F4E005B58C8 /* Release */,
			);
			defaultConfigurationIsVisible = 0;
			defaultConfigurationName = Release;
		};
		4A2ADDC3261E9F63005B58C8 /* Build configuration list for PBXNativeTarget "FestivalsAPITests" */ = {
			isa = XCConfigurationList;
			buildConfigurations = (
				4A2ADDC4261E9F63005B58C8 /* Debug */,
				4A2ADDC5261E9F63005B58C8 /* Release */,
			);
			defaultConfigurationIsVisible = 0;
			defaultConfigurationName = Release;
		};
		4A45D5952441771100CF4E1B /* Build configuration list for PBXProject "FestivalsAPI" */ = {
			isa = XCConfigurationList;
			buildConfigurations = (
				4A45D5AD2441771100CF4E1B /* Debug */,
				4A45D5AE2441771100CF4E1B /* Release */,
			);
			defaultConfigurationIsVisible = 0;
			defaultConfigurationName = Release;
		};
		4AC7401E245D1FF900679E39 /* Build configuration list for PBXAggregateTarget "Documentation" */ = {
			isa = XCConfigurationList;
			buildConfigurations = (
				4AC7401F245D1FF900679E39 /* Debug */,
				4AC74020245D1FF900679E39 /* Release */,
			);
			defaultConfigurationIsVisible = 0;
			defaultConfigurationName = Release;
		};
/* End XCConfigurationList section */
	};
	rootObject = 4A45D5922441771100CF4E1B /* Project object */;
}
